
Microsoft Visual Studio Solution File, Format Version 12.00
# Visual Studio Version 17
VisualStudioVersion = 17.2.32630.192
MinimumVisualStudioVersion = 10.0.40219.1
Project("{FAE04EC0-301F-11D3-BF4B-00C04F79EFBC}") = "R5T.D0095.A001", "R5T.D0095.A001\R5T.D0095.A001.csproj", "{333D652E-60B4-4BBA-BFB8-AFB6B218D0D7}"
EndProject
Project("{FAE04EC0-301F-11D3-BF4B-00C04F79EFBC}") = "R5T.D0095.I001", "R5T.D0095.I001\R5T.D0095.I001.csproj", "{50830925-325F-421D-AFCB-7C0BF7CB3A08}"
EndProject
Project("{FAE04EC0-301F-11D3-BF4B-00C04F79EFBC}") = "R5T.D0095.Base", "R5T.D0095.Base\R5T.D0095.Base.csproj", "{6C03B29B-B237-428F-AC58-949310ABC3E3}"
EndProject
Project("{2150E333-8FDC-42A3-9474-1A3956D46DE8}") = "_Dependencies", "_Dependencies", "{35395B66-057F-4D50-8187-356613FCEF84}"
EndProject
Project("{FAE04EC0-301F-11D3-BF4B-00C04F79EFBC}") = "R5T.Dacia.Extensions", "..\..\R5T.Dacia.Extensions\source\R5T.Dacia.Extensions\R5T.Dacia.Extensions.csproj", "{5358E73F-026E-489E-9F92-40C6987F9912}"
EndProject
Project("{FAE04EC0-301F-11D3-BF4B-00C04F79EFBC}") = "R5T.Dacia.T002", "..\..\R5T.Dacia\source\R5T.Dacia.T002\R5T.Dacia.T002.csproj", "{D7446A5B-3C24-4596-853D-040CE18EC8E9}"
EndProject
Project("{9A19103F-16F7-4668-BE54-9A1E7A4F7556}") = "R5T.D0093.Base", "..\..\R5T.D0093\source\R5T.D0093.Base\R5T.D0093.Base.csproj", "{A2E476D2-5B78-4353-9B65-32EB2CF4A91E}"
EndProject
Project("{9A19103F-16F7-4668-BE54-9A1E7A4F7556}") = "R5T.D0095.D001.Base", "R5T.D0095.D001.Base\R5T.D0095.D001.Base.csproj", "{23006F42-58DF-4926-ABEA-3BA0E3AD1A69}"
EndProject
Project("{9A19103F-16F7-4668-BE54-9A1E7A4F7556}") = "R5T.Dacia", "..\..\R5T.Dacia\source\R5T.Dacia\R5T.Dacia.csproj", "{D4549042-7EF7-4F82-9499-B7FA60B71575}"
EndProject
Project("{9A19103F-16F7-4668-BE54-9A1E7A4F7556}") = "R5T.L0013", "..\..\R5T.L0013\source\R5T.L0013\R5T.L0013.csproj", "{6869AF26-658D-4B33-B0B2-87AD5FE504FA}"
EndProject
Project("{9A19103F-16F7-4668-BE54-9A1E7A4F7556}") = "R5T.L0017.T002", "..\..\R5T.L0017\source\R5T.L0017.T002\R5T.L0017.T002.csproj", "{76D056F4-FCBA-4042-8B14-ECBB13E56490}"
EndProject
Project("{9A19103F-16F7-4668-BE54-9A1E7A4F7556}") = "R5T.L0017", "..\..\R5T.L0017\source\R5T.L0017\R5T.L0017.csproj", "{56CDC0CC-774E-4B87-9514-140F21DB24B7}"
EndProject
Project("{9A19103F-16F7-4668-BE54-9A1E7A4F7556}") = "R5T.Magyar", "..\..\R5T.Magyar\source\R5T.Magyar\R5T.Magyar.csproj", "{78129101-4DE3-4EE4-B0B4-74A97CDD8972}"
EndProject
Project("{9A19103F-16F7-4668-BE54-9A1E7A4F7556}") = "R5T.T0039.T002", "..\..\R5T.T0039\source\R5T.T0039.T002\R5T.T0039.T002.csproj", "{6A21B2C2-1749-40D5-A614-272E496383B9}"
EndProject
Project("{9A19103F-16F7-4668-BE54-9A1E7A4F7556}") = "R5T.T0063", "..\..\R5T.T0063\source\R5T.T0063\R5T.T0063.csproj", "{1551DE86-5A42-4AAF-8F47-75B138F96C88}"
EndProject
Project("{9A19103F-16F7-4668-BE54-9A1E7A4F7556}") = "R5T.T0064", "..\..\R5T.T0064\source\R5T.T0064\R5T.T0064.csproj", "{A6802F34-4F43-44A2-A6C3-2179EBB9E26A}"
EndProject
Project("{9A19103F-16F7-4668-BE54-9A1E7A4F7556}") = "R5T.T0086.X001", "..\..\R5T.T0086\source\R5T.T0086.X001\R5T.T0086.X001.csproj", "{D751BE25-F428-4E9C-929C-656F485FD336}"
EndProject
Project("{9A19103F-16F7-4668-BE54-9A1E7A4F7556}") = "R5T.T0086", "..\..\R5T.T0086\source\R5T.T0086\R5T.T0086.csproj", "{78CE88D2-DD3B-4A41-9C40-C13FED89B964}"
EndProject
Project("{9A19103F-16F7-4668-BE54-9A1E7A4F7556}") = "R5T.T0143", "..\..\R5T.T0143\source\R5T.T0143\R5T.T0143.csproj", "{E8882431-958E-4DC0-9618-5874CF22B2DB}"
EndProject
Global
	GlobalSection(NestedProjects) = preSolution
		{5358E73F-026E-489E-9F92-40C6987F9912} = {35395B66-057F-4D50-8187-356613FCEF84}
		{D7446A5B-3C24-4596-853D-040CE18EC8E9} = {35395B66-057F-4D50-8187-356613FCEF84}
		{A2E476D2-5B78-4353-9B65-32EB2CF4A91E} = {35395B66-057F-4D50-8187-356613FCEF84}
		{23006F42-58DF-4926-ABEA-3BA0E3AD1A69} = {35395B66-057F-4D50-8187-356613FCEF84}
		{D4549042-7EF7-4F82-9499-B7FA60B71575} = {35395B66-057F-4D50-8187-356613FCEF84}
		{6869AF26-658D-4B33-B0B2-87AD5FE504FA} = {35395B66-057F-4D50-8187-356613FCEF84}
		{76D056F4-FCBA-4042-8B14-ECBB13E56490} = {35395B66-057F-4D50-8187-356613FCEF84}
		{56CDC0CC-774E-4B87-9514-140F21DB24B7} = {35395B66-057F-4D50-8187-356613FCEF84}
		{78129101-4DE3-4EE4-B0B4-74A97CDD8972} = {35395B66-057F-4D50-8187-356613FCEF84}
		{6A21B2C2-1749-40D5-A614-272E496383B9} = {35395B66-057F-4D50-8187-356613FCEF84}
		{1551DE86-5A42-4AAF-8F47-75B138F96C88} = {35395B66-057F-4D50-8187-356613FCEF84}
		{A6802F34-4F43-44A2-A6C3-2179EBB9E26A} = {35395B66-057F-4D50-8187-356613FCEF84}
		{D751BE25-F428-4E9C-929C-656F485FD336} = {35395B66-057F-4D50-8187-356613FCEF84}
		{78CE88D2-DD3B-4A41-9C40-C13FED89B964} = {35395B66-057F-4D50-8187-356613FCEF84}
		{E8882431-958E-4DC0-9618-5874CF22B2DB} = {35395B66-057F-4D50-8187-356613FCEF84}
	EndGlobalSection
	GlobalSection(SolutionConfigurationPlatforms) = preSolution
		Debug|Any CPU = Debug|Any CPU
		Debug|x64 = Debug|x64
		Debug|x86 = Debug|x86
		Release|Any CPU = Release|Any CPU
		Release|x64 = Release|x64
		Release|x86 = Release|x86
	EndGlobalSection
	GlobalSection(ProjectConfigurationPlatforms) = postSolution
		{333D652E-60B4-4BBA-BFB8-AFB6B218D0D7}.Debug|Any CPU.ActiveCfg = Debug|Any CPU
		{333D652E-60B4-4BBA-BFB8-AFB6B218D0D7}.Debug|Any CPU.Build.0 = Debug|Any CPU
		{333D652E-60B4-4BBA-BFB8-AFB6B218D0D7}.Debug|x64.ActiveCfg = Debug|Any CPU
		{333D652E-60B4-4BBA-BFB8-AFB6B218D0D7}.Debug|x64.Build.0 = Debug|Any CPU
		{333D652E-60B4-4BBA-BFB8-AFB6B218D0D7}.Debug|x86.ActiveCfg = Debug|Any CPU
		{333D652E-60B4-4BBA-BFB8-AFB6B218D0D7}.Debug|x86.Build.0 = Debug|Any CPU
		{333D652E-60B4-4BBA-BFB8-AFB6B218D0D7}.Release|Any CPU.ActiveCfg = Release|Any CPU
		{333D652E-60B4-4BBA-BFB8-AFB6B218D0D7}.Release|Any CPU.Build.0 = Release|Any CPU
		{333D652E-60B4-4BBA-BFB8-AFB6B218D0D7}.Release|x64.ActiveCfg = Release|Any CPU
		{333D652E-60B4-4BBA-BFB8-AFB6B218D0D7}.Release|x64.Build.0 = Release|Any CPU
		{333D652E-60B4-4BBA-BFB8-AFB6B218D0D7}.Release|x86.ActiveCfg = Release|Any CPU
		{333D652E-60B4-4BBA-BFB8-AFB6B218D0D7}.Release|x86.Build.0 = Release|Any CPU
		{50830925-325F-421D-AFCB-7C0BF7CB3A08}.Debug|Any CPU.ActiveCfg = Debug|Any CPU
		{50830925-325F-421D-AFCB-7C0BF7CB3A08}.Debug|Any CPU.Build.0 = Debug|Any CPU
		{50830925-325F-421D-AFCB-7C0BF7CB3A08}.Debug|x64.ActiveCfg = Debug|Any CPU
		{50830925-325F-421D-AFCB-7C0BF7CB3A08}.Debug|x64.Build.0 = Debug|Any CPU
		{50830925-325F-421D-AFCB-7C0BF7CB3A08}.Debug|x86.ActiveCfg = Debug|Any CPU
		{50830925-325F-421D-AFCB-7C0BF7CB3A08}.Debug|x86.Build.0 = Debug|Any CPU
		{50830925-325F-421D-AFCB-7C0BF7CB3A08}.Release|Any CPU.ActiveCfg = Release|Any CPU
		{50830925-325F-421D-AFCB-7C0BF7CB3A08}.Release|Any CPU.Build.0 = Release|Any CPU
		{50830925-325F-421D-AFCB-7C0BF7CB3A08}.Release|x64.ActiveCfg = Release|Any CPU
		{50830925-325F-421D-AFCB-7C0BF7CB3A08}.Release|x64.Build.0 = Release|Any CPU
		{50830925-325F-421D-AFCB-7C0BF7CB3A08}.Release|x86.ActiveCfg = Release|Any CPU
		{50830925-325F-421D-AFCB-7C0BF7CB3A08}.Release|x86.Build.0 = Release|Any CPU
		{6C03B29B-B237-428F-AC58-949310ABC3E3}.Debug|Any CPU.ActiveCfg = Debug|Any CPU
		{6C03B29B-B237-428F-AC58-949310ABC3E3}.Debug|Any CPU.Build.0 = Debug|Any CPU
		{6C03B29B-B237-428F-AC58-949310ABC3E3}.Debug|x64.ActiveCfg = Debug|Any CPU
		{6C03B29B-B237-428F-AC58-949310ABC3E3}.Debug|x64.Build.0 = Debug|Any CPU
		{6C03B29B-B237-428F-AC58-949310ABC3E3}.Debug|x86.ActiveCfg = Debug|Any CPU
		{6C03B29B-B237-428F-AC58-949310ABC3E3}.Debug|x86.Build.0 = Debug|Any CPU
		{6C03B29B-B237-428F-AC58-949310ABC3E3}.Release|Any CPU.ActiveCfg = Release|Any CPU
		{6C03B29B-B237-428F-AC58-949310ABC3E3}.Release|Any CPU.Build.0 = Release|Any CPU
		{6C03B29B-B237-428F-AC58-949310ABC3E3}.Release|x64.ActiveCfg = Release|Any CPU
		{6C03B29B-B237-428F-AC58-949310ABC3E3}.Release|x64.Build.0 = Release|Any CPU
		{6C03B29B-B237-428F-AC58-949310ABC3E3}.Release|x86.ActiveCfg = Release|Any CPU
		{6C03B29B-B237-428F-AC58-949310ABC3E3}.Release|x86.Build.0 = Release|Any CPU
		{5358E73F-026E-489E-9F92-40C6987F9912}.Debug|Any CPU.ActiveCfg = Debug|Any CPU
		{5358E73F-026E-489E-9F92-40C6987F9912}.Debug|Any CPU.Build.0 = Debug|Any CPU
		{5358E73F-026E-489E-9F92-40C6987F9912}.Debug|x64.ActiveCfg = Debug|Any CPU
		{5358E73F-026E-489E-9F92-40C6987F9912}.Debug|x64.Build.0 = Debug|Any CPU
		{5358E73F-026E-489E-9F92-40C6987F9912}.Debug|x86.ActiveCfg = Debug|Any CPU
		{5358E73F-026E-489E-9F92-40C6987F9912}.Debug|x86.Build.0 = Debug|Any CPU
		{5358E73F-026E-489E-9F92-40C6987F9912}.Release|Any CPU.ActiveCfg = Release|Any CPU
		{5358E73F-026E-489E-9F92-40C6987F9912}.Release|Any CPU.Build.0 = Release|Any CPU
		{5358E73F-026E-489E-9F92-40C6987F9912}.Release|x64.ActiveCfg = Release|Any CPU
		{5358E73F-026E-489E-9F92-40C6987F9912}.Release|x64.Build.0 = Release|Any CPU
		{5358E73F-026E-489E-9F92-40C6987F9912}.Release|x86.ActiveCfg = Release|Any CPU
		{5358E73F-026E-489E-9F92-40C6987F9912}.Release|x86.Build.0 = Release|Any CPU
		{D7446A5B-3C24-4596-853D-040CE18EC8E9}.Debug|Any CPU.ActiveCfg = Debug|Any CPU
		{D7446A5B-3C24-4596-853D-040CE18EC8E9}.Debug|Any CPU.Build.0 = Debug|Any CPU
		{D7446A5B-3C24-4596-853D-040CE18EC8E9}.Debug|x64.ActiveCfg = Debug|Any CPU
		{D7446A5B-3C24-4596-853D-040CE18EC8E9}.Debug|x64.Build.0 = Debug|Any CPU
		{D7446A5B-3C24-4596-853D-040CE18EC8E9}.Debug|x86.ActiveCfg = Debug|Any CPU
		{D7446A5B-3C24-4596-853D-040CE18EC8E9}.Debug|x86.Build.0 = Debug|Any CPU
		{D7446A5B-3C24-4596-853D-040CE18EC8E9}.Release|Any CPU.ActiveCfg = Release|Any CPU
		{D7446A5B-3C24-4596-853D-040CE18EC8E9}.Release|Any CPU.Build.0 = Release|Any CPU
		{D7446A5B-3C24-4596-853D-040CE18EC8E9}.Release|x64.ActiveCfg = Release|Any CPU
		{D7446A5B-3C24-4596-853D-040CE18EC8E9}.Release|x64.Build.0 = Release|Any CPU
		{D7446A5B-3C24-4596-853D-040CE18EC8E9}.Release|x86.ActiveCfg = Release|Any CPU
		{D7446A5B-3C24-4596-853D-040CE18EC8E9}.Release|x86.Build.0 = Release|Any CPU
		{A2E476D2-5B78-4353-9B65-32EB2CF4A91E}.Debug|Any CPU.ActiveCfg = Debug|Any CPU
		{A2E476D2-5B78-4353-9B65-32EB2CF4A91E}.Debug|Any CPU.Build.0 = Debug|Any CPU
		{A2E476D2-5B78-4353-9B65-32EB2CF4A91E}.Debug|x64.ActiveCfg = Debug|Any CPU
		{A2E476D2-5B78-4353-9B65-32EB2CF4A91E}.Debug|x64.Build.0 = Debug|Any CPU
		{A2E476D2-5B78-4353-9B65-32EB2CF4A91E}.Debug|x86.ActiveCfg = Debug|Any CPU
		{A2E476D2-5B78-4353-9B65-32EB2CF4A91E}.Debug|x86.Build.0 = Debug|Any CPU
		{A2E476D2-5B78-4353-9B65-32EB2CF4A91E}.Release|Any CPU.ActiveCfg = Release|Any CPU
		{A2E476D2-5B78-4353-9B65-32EB2CF4A91E}.Release|Any CPU.Build.0 = Release|Any CPU
		{A2E476D2-5B78-4353-9B65-32EB2CF4A91E}.Release|x64.ActiveCfg = Release|Any CPU
		{A2E476D2-5B78-4353-9B65-32EB2CF4A91E}.Release|x64.Build.0 = Release|Any CPU
		{A2E476D2-5B78-4353-9B65-32EB2CF4A91E}.Release|x86.ActiveCfg = Release|Any CPU
		{A2E476D2-5B78-4353-9B65-32EB2CF4A91E}.Release|x86.Build.0 = Release|Any CPU
		{23006F42-58DF-4926-ABEA-3BA0E3AD1A69}.Debug|Any CPU.ActiveCfg = Debug|Any CPU
		{23006F42-58DF-4926-ABEA-3BA0E3AD1A69}.Debug|Any CPU.Build.0 = Debug|Any CPU
		{23006F42-58DF-4926-ABEA-3BA0E3AD1A69}.Debug|x64.ActiveCfg = Debug|Any CPU
		{23006F42-58DF-4926-ABEA-3BA0E3AD1A69}.Debug|x64.Build.0 = Debug|Any CPU
		{23006F42-58DF-4926-ABEA-3BA0E3AD1A69}.Debug|x86.ActiveCfg = Debug|Any CPU
		{23006F42-58DF-4926-ABEA-3BA0E3AD1A69}.Debug|x86.Build.0 = Debug|Any CPU
		{23006F42-58DF-4926-ABEA-3BA0E3AD1A69}.Release|Any CPU.ActiveCfg = Release|Any CPU
		{23006F42-58DF-4926-ABEA-3BA0E3AD1A69}.Release|Any CPU.Build.0 = Release|Any CPU
		{23006F42-58DF-4926-ABEA-3BA0E3AD1A69}.Release|x64.ActiveCfg = Release|Any CPU
		{23006F42-58DF-4926-ABEA-3BA0E3AD1A69}.Release|x64.Build.0 = Release|Any CPU
		{23006F42-58DF-4926-ABEA-3BA0E3AD1A69}.Release|x86.ActiveCfg = Release|Any CPU
		{23006F42-58DF-4926-ABEA-3BA0E3AD1A69}.Release|x86.Build.0 = Release|Any CPU
		{D4549042-7EF7-4F82-9499-B7FA60B71575}.Debug|Any CPU.ActiveCfg = Debug|Any CPU
		{D4549042-7EF7-4F82-9499-B7FA60B71575}.Debug|Any CPU.Build.0 = Debug|Any CPU
		{D4549042-7EF7-4F82-9499-B7FA60B71575}.Debug|x64.ActiveCfg = Debug|Any CPU
		{D4549042-7EF7-4F82-9499-B7FA60B71575}.Debug|x64.Build.0 = Debug|Any CPU
		{D4549042-7EF7-4F82-9499-B7FA60B71575}.Debug|x86.ActiveCfg = Debug|Any CPU
		{D4549042-7EF7-4F82-9499-B7FA60B71575}.Debug|x86.Build.0 = Debug|Any CPU
		{D4549042-7EF7-4F82-9499-B7FA60B71575}.Release|Any CPU.ActiveCfg = Release|Any CPU
		{D4549042-7EF7-4F82-9499-B7FA60B71575}.Release|Any CPU.Build.0 = Release|Any CPU
		{D4549042-7EF7-4F82-9499-B7FA60B71575}.Release|x64.ActiveCfg = Release|Any CPU
		{D4549042-7EF7-4F82-9499-B7FA60B71575}.Release|x64.Build.0 = Release|Any CPU
		{D4549042-7EF7-4F82-9499-B7FA60B71575}.Release|x86.ActiveCfg = Release|Any CPU
		{D4549042-7EF7-4F82-9499-B7FA60B71575}.Release|x86.Build.0 = Release|Any CPU
		{6869AF26-658D-4B33-B0B2-87AD5FE504FA}.Debug|Any CPU.ActiveCfg = Debug|Any CPU
		{6869AF26-658D-4B33-B0B2-87AD5FE504FA}.Debug|Any CPU.Build.0 = Debug|Any CPU
		{6869AF26-658D-4B33-B0B2-87AD5FE504FA}.Debug|x64.ActiveCfg = Debug|Any CPU
		{6869AF26-658D-4B33-B0B2-87AD5FE504FA}.Debug|x64.Build.0 = Debug|Any CPU
		{6869AF26-658D-4B33-B0B2-87AD5FE504FA}.Debug|x86.ActiveCfg = Debug|Any CPU
		{6869AF26-658D-4B33-B0B2-87AD5FE504FA}.Debug|x86.Build.0 = Debug|Any CPU
		{6869AF26-658D-4B33-B0B2-87AD5FE504FA}.Release|Any CPU.ActiveCfg = Release|Any CPU
		{6869AF26-658D-4B33-B0B2-87AD5FE504FA}.Release|Any CPU.Build.0 = Release|Any CPU
		{6869AF26-658D-4B33-B0B2-87AD5FE504FA}.Release|x64.ActiveCfg = Release|Any CPU
		{6869AF26-658D-4B33-B0B2-87AD5FE504FA}.Release|x64.Build.0 = Release|Any CPU
		{6869AF26-658D-4B33-B0B2-87AD5FE504FA}.Release|x86.ActiveCfg = Release|Any CPU
		{6869AF26-658D-4B33-B0B2-87AD5FE504FA}.Release|x86.Build.0 = Release|Any CPU
		{76D056F4-FCBA-4042-8B14-ECBB13E56490}.Debug|Any CPU.ActiveCfg = Debug|Any CPU
		{76D056F4-FCBA-4042-8B14-ECBB13E56490}.Debug|Any CPU.Build.0 = Debug|Any CPU
		{76D056F4-FCBA-4042-8B14-ECBB13E56490}.Debug|x64.ActiveCfg = Debug|Any CPU
		{76D056F4-FCBA-4042-8B14-ECBB13E56490}.Debug|x64.Build.0 = Debug|Any CPU
		{76D056F4-FCBA-4042-8B14-ECBB13E56490}.Debug|x86.ActiveCfg = Debug|Any CPU
		{76D056F4-FCBA-4042-8B14-ECBB13E56490}.Debug|x86.Build.0 = Debug|Any CPU
		{76D056F4-FCBA-4042-8B14-ECBB13E56490}.Release|Any CPU.ActiveCfg = Release|Any CPU
		{76D056F4-FCBA-4042-8B14-ECBB13E56490}.Release|Any CPU.Build.0 = Release|Any CPU
		{76D056F4-FCBA-4042-8B14-ECBB13E56490}.Release|x64.ActiveCfg = Release|Any CPU
		{76D056F4-FCBA-4042-8B14-ECBB13E56490}.Release|x64.Build.0 = Release|Any CPU
		{76D056F4-FCBA-4042-8B14-ECBB13E56490}.Release|x86.ActiveCfg = Release|Any CPU
		{76D056F4-FCBA-4042-8B14-ECBB13E56490}.Release|x86.Build.0 = Release|Any CPU
		{56CDC0CC-774E-4B87-9514-140F21DB24B7}.Debug|Any CPU.ActiveCfg = Debug|Any CPU
		{56CDC0CC-774E-4B87-9514-140F21DB24B7}.Debug|Any CPU.Build.0 = Debug|Any CPU
		{56CDC0CC-774E-4B87-9514-140F21DB24B7}.Debug|x64.ActiveCfg = Debug|Any CPU
		{56CDC0CC-774E-4B87-9514-140F21DB24B7}.Debug|x64.Build.0 = Debug|Any CPU
		{56CDC0CC-774E-4B87-9514-140F21DB24B7}.Debug|x86.ActiveCfg = Debug|Any CPU
		{56CDC0CC-774E-4B87-9514-140F21DB24B7}.Debug|x86.Build.0 = Debug|Any CPU
		{56CDC0CC-774E-4B87-9514-140F21DB24B7}.Release|Any CPU.ActiveCfg = Release|Any CPU
		{56CDC0CC-774E-4B87-9514-140F21DB24B7}.Release|Any CPU.Build.0 = Release|Any CPU
		{56CDC0CC-774E-4B87-9514-140F21DB24B7}.Release|x64.ActiveCfg = Release|Any CPU
		{56CDC0CC-774E-4B87-9514-140F21DB24B7}.Release|x64.Build.0 = Release|Any CPU
		{56CDC0CC-774E-4B87-9514-140F21DB24B7}.Release|x86.ActiveCfg = Release|Any CPU
		{56CDC0CC-774E-4B87-9514-140F21DB24B7}.Release|x86.Build.0 = Release|Any CPU
		{78129101-4DE3-4EE4-B0B4-74A97CDD8972}.Debug|Any CPU.ActiveCfg = Debug|Any CPU
		{78129101-4DE3-4EE4-B0B4-74A97CDD8972}.Debug|Any CPU.Build.0 = Debug|Any CPU
		{78129101-4DE3-4EE4-B0B4-74A97CDD8972}.Debug|x64.ActiveCfg = Debug|Any CPU
		{78129101-4DE3-4EE4-B0B4-74A97CDD8972}.Debug|x64.Build.0 = Debug|Any CPU
		{78129101-4DE3-4EE4-B0B4-74A97CDD8972}.Debug|x86.ActiveCfg = Debug|Any CPU
		{78129101-4DE3-4EE4-B0B4-74A97CDD8972}.Debug|x86.Build.0 = Debug|Any CPU
		{78129101-4DE3-4EE4-B0B4-74A97CDD8972}.Release|Any CPU.ActiveCfg = Release|Any CPU
		{78129101-4DE3-4EE4-B0B4-74A97CDD8972}.Release|Any CPU.Build.0 = Release|Any CPU
		{78129101-4DE3-4EE4-B0B4-74A97CDD8972}.Release|x64.ActiveCfg = Release|Any CPU
		{78129101-4DE3-4EE4-B0B4-74A97CDD8972}.Release|x64.Build.0 = Release|Any CPU
		{78129101-4DE3-4EE4-B0B4-74A97CDD8972}.Release|x86.ActiveCfg = Release|Any CPU
		{78129101-4DE3-4EE4-B0B4-74A97CDD8972}.Release|x86.Build.0 = Release|Any CPU
		{6A21B2C2-1749-40D5-A614-272E496383B9}.Debug|Any CPU.ActiveCfg = Debug|Any CPU
		{6A21B2C2-1749-40D5-A614-272E496383B9}.Debug|Any CPU.Build.0 = Debug|Any CPU
		{6A21B2C2-1749-40D5-A614-272E496383B9}.Debug|x64.ActiveCfg = Debug|Any CPU
		{6A21B2C2-1749-40D5-A614-272E496383B9}.Debug|x64.Build.0 = Debug|Any CPU
		{6A21B2C2-1749-40D5-A614-272E496383B9}.Debug|x86.ActiveCfg = Debug|Any CPU
		{6A21B2C2-1749-40D5-A614-272E496383B9}.Debug|x86.Build.0 = Debug|Any CPU
		{6A21B2C2-1749-40D5-A614-272E496383B9}.Release|Any CPU.ActiveCfg = Release|Any CPU
		{6A21B2C2-1749-40D5-A614-272E496383B9}.Release|Any CPU.Build.0 = Release|Any CPU
		{6A21B2C2-1749-40D5-A614-272E496383B9}.Release|x64.ActiveCfg = Release|Any CPU
		{6A21B2C2-1749-40D5-A614-272E496383B9}.Release|x64.Build.0 = Release|Any CPU
		{6A21B2C2-1749-40D5-A614-272E496383B9}.Release|x86.ActiveCfg = Release|Any CPU
		{6A21B2C2-1749-40D5-A614-272E496383B9}.Release|x86.Build.0 = Release|Any CPU
		{1551DE86-5A42-4AAF-8F47-75B138F96C88}.Debug|Any CPU.ActiveCfg = Debug|Any CPU
		{1551DE86-5A42-4AAF-8F47-75B138F96C88}.Debug|Any CPU.Build.0 = Debug|Any CPU
		{1551DE86-5A42-4AAF-8F47-75B138F96C88}.Debug|x64.ActiveCfg = Debug|Any CPU
		{1551DE86-5A42-4AAF-8F47-75B138F96C88}.Debug|x64.Build.0 = Debug|Any CPU
		{1551DE86-5A42-4AAF-8F47-75B138F96C88}.Debug|x86.ActiveCfg = Debug|Any CPU
		{1551DE86-5A42-4AAF-8F47-75B138F96C88}.Debug|x86.Build.0 = Debug|Any CPU
		{1551DE86-5A42-4AAF-8F47-75B138F96C88}.Release|Any CPU.ActiveCfg = Release|Any CPU
		{1551DE86-5A42-4AAF-8F47-75B138F96C88}.Release|Any CPU.Build.0 = Release|Any CPU
		{1551DE86-5A42-4AAF-8F47-75B138F96C88}.Release|x64.ActiveCfg = Release|Any CPU
		{1551DE86-5A42-4AAF-8F47-75B138F96C88}.Release|x64.Build.0 = Release|Any CPU
		{1551DE86-5A42-4AAF-8F47-75B138F96C88}.Release|x86.ActiveCfg = Release|Any CPU
		{1551DE86-5A42-4AAF-8F47-75B138F96C88}.Release|x86.Build.0 = Release|Any CPU
		{A6802F34-4F43-44A2-A6C3-2179EBB9E26A}.Debug|Any CPU.ActiveCfg = Debug|Any CPU
		{A6802F34-4F43-44A2-A6C3-2179EBB9E26A}.Debug|Any CPU.Build.0 = Debug|Any CPU
		{A6802F34-4F43-44A2-A6C3-2179EBB9E26A}.Debug|x64.ActiveCfg = Debug|Any CPU
		{A6802F34-4F43-44A2-A6C3-2179EBB9E26A}.Debug|x64.Build.0 = Debug|Any CPU
		{A6802F34-4F43-44A2-A6C3-2179EBB9E26A}.Debug|x86.ActiveCfg = Debug|Any CPU
		{A6802F34-4F43-44A2-A6C3-2179EBB9E26A}.Debug|x86.Build.0 = Debug|Any CPU
		{A6802F34-4F43-44A2-A6C3-2179EBB9E26A}.Release|Any CPU.ActiveCfg = Release|Any CPU
		{A6802F34-4F43-44A2-A6C3-2179EBB9E26A}.Release|Any CPU.Build.0 = Release|Any CPU
		{A6802F34-4F43-44A2-A6C3-2179EBB9E26A}.Release|x64.ActiveCfg = Release|Any CPU
		{A6802F34-4F43-44A2-A6C3-2179EBB9E26A}.Release|x64.Build.0 = Release|Any CPU
		{A6802F34-4F43-44A2-A6C3-2179EBB9E26A}.Release|x86.ActiveCfg = Release|Any CPU
		{A6802F34-4F43-44A2-A6C3-2179EBB9E26A}.Release|x86.Build.0 = Release|Any CPU
		{D751BE25-F428-4E9C-929C-656F485FD336}.Debug|Any CPU.ActiveCfg = Debug|Any CPU
		{D751BE25-F428-4E9C-929C-656F485FD336}.Debug|Any CPU.Build.0 = Debug|Any CPU
		{D751BE25-F428-4E9C-929C-656F485FD336}.Debug|x64.ActiveCfg = Debug|Any CPU
		{D751BE25-F428-4E9C-929C-656F485FD336}.Debug|x64.Build.0 = Debug|Any CPU
		{D751BE25-F428-4E9C-929C-656F485FD336}.Debug|x86.ActiveCfg = Debug|Any CPU
		{D751BE25-F428-4E9C-929C-656F485FD336}.Debug|x86.Build.0 = Debug|Any CPU
		{D751BE25-F428-4E9C-929C-656F485FD336}.Release|Any CPU.ActiveCfg = Release|Any CPU
		{D751BE25-F428-4E9C-929C-656F485FD336}.Release|Any CPU.Build.0 = Release|Any CPU
		{D751BE25-F428-4E9C-929C-656F485FD336}.Release|x64.ActiveCfg = Release|Any CPU
		{D751BE25-F428-4E9C-929C-656F485FD336}.Release|x64.Build.0 = Release|Any CPU
		{D751BE25-F428-4E9C-929C-656F485FD336}.Release|x86.ActiveCfg = Release|Any CPU
		{D751BE25-F428-4E9C-929C-656F485FD336}.Release|x86.Build.0 = Release|Any CPU
		{78CE88D2-DD3B-4A41-9C40-C13FED89B964}.Debug|Any CPU.ActiveCfg = Debug|Any CPU
		{78CE88D2-DD3B-4A41-9C40-C13FED89B964}.Debug|Any CPU.Build.0 = Debug|Any CPU
		{78CE88D2-DD3B-4A41-9C40-C13FED89B964}.Debug|x64.ActiveCfg = Debug|Any CPU
		{78CE88D2-DD3B-4A41-9C40-C13FED89B964}.Debug|x64.Build.0 = Debug|Any CPU
		{78CE88D2-DD3B-4A41-9C40-C13FED89B964}.Debug|x86.ActiveCfg = Debug|Any CPU
		{78CE88D2-DD3B-4A41-9C40-C13FED89B964}.Debug|x86.Build.0 = Debug|Any CPU
		{78CE88D2-DD3B-4A41-9C40-C13FED89B964}.Release|Any CPU.ActiveCfg = Release|Any CPU
		{78CE88D2-DD3B-4A41-9C40-C13FED89B964}.Release|Any CPU.Build.0 = Release|Any CPU
		{78CE88D2-DD3B-4A41-9C40-C13FED89B964}.Release|x64.ActiveCfg = Release|Any CPU
		{78CE88D2-DD3B-4A41-9C40-C13FED89B964}.Release|x64.Build.0 = Release|Any CPU
		{78CE88D2-DD3B-4A41-9C40-C13FED89B964}.Release|x86.ActiveCfg = Release|Any CPU
		{78CE88D2-DD3B-4A41-9C40-C13FED89B964}.Release|x86.Build.0 = Release|Any CPU
		{E8882431-958E-4DC0-9618-5874CF22B2DB}.Debug|Any CPU.ActiveCfg = Debug|Any CPU
		{E8882431-958E-4DC0-9618-5874CF22B2DB}.Debug|Any CPU.Build.0 = Debug|Any CPU
		{E8882431-958E-4DC0-9618-5874CF22B2DB}.Debug|x64.ActiveCfg = Debug|Any CPU
		{E8882431-958E-4DC0-9618-5874CF22B2DB}.Debug|x64.Build.0 = Debug|Any CPU
		{E8882431-958E-4DC0-9618-5874CF22B2DB}.Debug|x86.ActiveCfg = Debug|Any CPU
		{E8882431-958E-4DC0-9618-5874CF22B2DB}.Debug|x86.Build.0 = Debug|Any CPU
		{E8882431-958E-4DC0-9618-5874CF22B2DB}.Release|Any CPU.ActiveCfg = Release|Any CPU
		{E8882431-958E-4DC0-9618-5874CF22B2DB}.Release|Any CPU.Build.0 = Release|Any CPU
		{E8882431-958E-4DC0-9618-5874CF22B2DB}.Release|x64.ActiveCfg = Release|Any CPU
		{E8882431-958E-4DC0-9618-5874CF22B2DB}.Release|x64.Build.0 = Release|Any CPU
		{E8882431-958E-4DC0-9618-5874CF22B2DB}.Release|x86.ActiveCfg = Release|Any CPU
		{E8882431-958E-4DC0-9618-5874CF22B2DB}.Release|x86.Build.0 = Release|Any CPU
	EndGlobalSection
	GlobalSection(SolutionProperties) = preSolution
		HideSolutionNode = FALSE
	EndGlobalSection
EndGlobal
