
Microsoft Visual Studio Solution File, Format Version 12.00
# Visual Studio Version 16
VisualStudioVersion = 16.6.30114.105
MinimumVisualStudioVersion = 10.0.40219.1
Project("{9A19103F-16F7-4668-BE54-9A1E7A4F7556}") = "R5T.D0095.Base", "R5T.D0095.Base\R5T.D0095.Base.csproj", "{235DA033-BEBA-4F7D-B885-87DAD73F8246}"
EndProject
Project("{2150E333-8FDC-42A3-9474-1A3956D46DE8}") = "_Dependencies", "_Dependencies", "{DB25BBA9-47B8-4778-AE87-94A1E9958E29}"
EndProject
Project("{9A19103F-16F7-4668-BE54-9A1E7A4F7556}") = "R5T.D0095.I001", "R5T.D0095.I001\R5T.D0095.I001.csproj", "{17492C99-82E8-4A9E-9D89-F53715B29DDF}"
EndProject
Project("{9A19103F-16F7-4668-BE54-9A1E7A4F7556}") = "R5T.T0064", "..\..\R5T.T0064\source\R5T.T0064\R5T.T0064.csproj", "{3F8FD0EF-DA5F-4F3A-85A3-CC50C502084A}"
EndProject
Project("{9A19103F-16F7-4668-BE54-9A1E7A4F7556}") = "R5T.L0017", "..\..\R5T.L0017\source\R5T.L0017\R5T.L0017.csproj", "{03B3DF3F-2490-4B01-97E2-0E6EAFEE28B4}"
EndProject
Project("{9A19103F-16F7-4668-BE54-9A1E7A4F7556}") = "R5T.D0093.Base", "..\..\R5T.D0093\source\R5T.D0093.Base\R5T.D0093.Base.csproj", "{00B5AF99-7FBB-4A6C-BCD2-4984270724F6}"
EndProject
Project("{9A19103F-16F7-4668-BE54-9A1E7A4F7556}") = "R5T.L0017.T002", "..\..\R5T.L0017\source\R5T.L0017.T002\R5T.L0017.T002.csproj", "{120B7419-F45A-4741-B382-F476A1EF51E5}"
EndProject
Project("{9A19103F-16F7-4668-BE54-9A1E7A4F7556}") = "R5T.Magyar", "..\..\R5T.Magyar\source\R5T.Magyar\R5T.Magyar.csproj", "{63453E73-2B7D-48AA-9254-A1763489A390}"
EndProject
Project("{9A19103F-16F7-4668-BE54-9A1E7A4F7556}") = "R5T.T0086.X001", "..\..\R5T.T0086\source\R5T.T0086.X001\R5T.T0086.X001.csproj", "{B657E21D-90C3-47F0-9BE6-994AFD235148}"
EndProject
Project("{9A19103F-16F7-4668-BE54-9A1E7A4F7556}") = "R5T.T0086", "..\..\R5T.T0086\source\R5T.T0086\R5T.T0086.csproj", "{6E11DEB1-B214-43DD-B3DA-ED2790B164AA}"
EndProject
Project("{9A19103F-16F7-4668-BE54-9A1E7A4F7556}") = "R5T.T0039.T002", "..\..\R5T.T0039\source\R5T.T0039.T002\R5T.T0039.T002.csproj", "{6D5C6CBA-D89E-4211-A9A6-4CE46FE599A6}"
EndProject
Project("{9A19103F-16F7-4668-BE54-9A1E7A4F7556}") = "R5T.T0088.X001", "..\..\R5T.T0088\source\R5T.T0088.X001\R5T.T0088.X001.csproj", "{9B8947DD-C61E-4846-9FAE-847FBD0ABE7B}"
EndProject
Project("{9A19103F-16F7-4668-BE54-9A1E7A4F7556}") = "R5T.T0087", "..\..\R5T.T0087\source\R5T.T0087\R5T.T0087.csproj", "{BF615D45-D4E0-4ED2-9C63-36D053C4FCE6}"
EndProject
Project("{9A19103F-16F7-4668-BE54-9A1E7A4F7556}") = "R5T.T0088.X002", "..\..\R5T.T0088\source\R5T.T0088.X002\R5T.T0088.X002.csproj", "{11E4BE4B-AB4E-41B6-8A09-523DC5790F38}"
EndProject
Project("{9A19103F-16F7-4668-BE54-9A1E7A4F7556}") = "R5T.T0089.X001", "..\..\R5T.T0089\source\R5T.T0089.X001\R5T.T0089.X001.csproj", "{407F7E74-E6D2-4AE6-9AF6-A59937511FAB}"
EndProject
Project("{9A19103F-16F7-4668-BE54-9A1E7A4F7556}") = "R5T.T0089", "..\..\R5T.T0089\source\R5T.T0089\R5T.T0089.csproj", "{B753DF6D-EBCE-4CE2-9FC7-F3258C78F938}"
EndProject
Project("{9A19103F-16F7-4668-BE54-9A1E7A4F7556}") = "R5T.T0088", "..\..\R5T.T0088\source\R5T.T0088\R5T.T0088.csproj", "{9428EA91-5CA4-40DE-8B5E-4E5A4423CB84}"
EndProject
Project("{9A19103F-16F7-4668-BE54-9A1E7A4F7556}") = "R5T.D0095.D001.Base", "R5T.D0095.D001.Base\R5T.D0095.D001.Base.csproj", "{F2F4EB32-E637-4D20-ADEF-144C21EBE336}"
EndProject
Project("{9A19103F-16F7-4668-BE54-9A1E7A4F7556}") = "R5T.D0095.D001.I001", "R5T.D0095.D001.I001\R5T.D0095.D001.I001.csproj", "{84698F16-EB84-471D-971B-E42AFB34BDCA}"
EndProject
Project("{9A19103F-16F7-4668-BE54-9A1E7A4F7556}") = "R5T.T0062.X001", "..\..\R5T.T0062\source\R5T.T0062.X001\R5T.T0062.X001.csproj", "{165BA412-877B-4AD3-99A5-45DD31414314}"
EndProject
Project("{9A19103F-16F7-4668-BE54-9A1E7A4F7556}") = "R5T.T0063", "..\..\R5T.T0063\source\R5T.T0063\R5T.T0063.csproj", "{DF729C3F-44DE-4007-9D47-FF15C82E84C4}"
EndProject
Project("{9A19103F-16F7-4668-BE54-9A1E7A4F7556}") = "R5T.L0013", "..\..\R5T.L0013\source\R5T.L0013\R5T.L0013.csproj", "{24C53303-5DAB-4013-8A6D-EA262BCCAF03}"
EndProject
Project("{9A19103F-16F7-4668-BE54-9A1E7A4F7556}") = "R5T.T0062", "..\..\R5T.T0062\source\R5T.T0062\R5T.T0062.csproj", "{58239C49-3FA2-482D-A982-4C1A76E46D88}"
EndProject
Global
	GlobalSection(SolutionConfigurationPlatforms) = preSolution
		Debug|Any CPU = Debug|Any CPU
		Debug|x64 = Debug|x64
		Debug|x86 = Debug|x86
		Release|Any CPU = Release|Any CPU
		Release|x64 = Release|x64
		Release|x86 = Release|x86
	EndGlobalSection
	GlobalSection(ProjectConfigurationPlatforms) = postSolution
		{235DA033-BEBA-4F7D-B885-87DAD73F8246}.Debug|Any CPU.ActiveCfg = Debug|Any CPU
		{235DA033-BEBA-4F7D-B885-87DAD73F8246}.Debug|Any CPU.Build.0 = Debug|Any CPU
		{235DA033-BEBA-4F7D-B885-87DAD73F8246}.Debug|x64.ActiveCfg = Debug|Any CPU
		{235DA033-BEBA-4F7D-B885-87DAD73F8246}.Debug|x64.Build.0 = Debug|Any CPU
		{235DA033-BEBA-4F7D-B885-87DAD73F8246}.Debug|x86.ActiveCfg = Debug|Any CPU
		{235DA033-BEBA-4F7D-B885-87DAD73F8246}.Debug|x86.Build.0 = Debug|Any CPU
		{235DA033-BEBA-4F7D-B885-87DAD73F8246}.Release|Any CPU.ActiveCfg = Release|Any CPU
		{235DA033-BEBA-4F7D-B885-87DAD73F8246}.Release|Any CPU.Build.0 = Release|Any CPU
		{235DA033-BEBA-4F7D-B885-87DAD73F8246}.Release|x64.ActiveCfg = Release|Any CPU
		{235DA033-BEBA-4F7D-B885-87DAD73F8246}.Release|x64.Build.0 = Release|Any CPU
		{235DA033-BEBA-4F7D-B885-87DAD73F8246}.Release|x86.ActiveCfg = Release|Any CPU
		{235DA033-BEBA-4F7D-B885-87DAD73F8246}.Release|x86.Build.0 = Release|Any CPU
		{17492C99-82E8-4A9E-9D89-F53715B29DDF}.Debug|Any CPU.ActiveCfg = Debug|Any CPU
		{17492C99-82E8-4A9E-9D89-F53715B29DDF}.Debug|Any CPU.Build.0 = Debug|Any CPU
		{17492C99-82E8-4A9E-9D89-F53715B29DDF}.Debug|x64.ActiveCfg = Debug|Any CPU
		{17492C99-82E8-4A9E-9D89-F53715B29DDF}.Debug|x64.Build.0 = Debug|Any CPU
		{17492C99-82E8-4A9E-9D89-F53715B29DDF}.Debug|x86.ActiveCfg = Debug|Any CPU
		{17492C99-82E8-4A9E-9D89-F53715B29DDF}.Debug|x86.Build.0 = Debug|Any CPU
		{17492C99-82E8-4A9E-9D89-F53715B29DDF}.Release|Any CPU.ActiveCfg = Release|Any CPU
		{17492C99-82E8-4A9E-9D89-F53715B29DDF}.Release|Any CPU.Build.0 = Release|Any CPU
		{17492C99-82E8-4A9E-9D89-F53715B29DDF}.Release|x64.ActiveCfg = Release|Any CPU
		{17492C99-82E8-4A9E-9D89-F53715B29DDF}.Release|x64.Build.0 = Release|Any CPU
		{17492C99-82E8-4A9E-9D89-F53715B29DDF}.Release|x86.ActiveCfg = Release|Any CPU
		{17492C99-82E8-4A9E-9D89-F53715B29DDF}.Release|x86.Build.0 = Release|Any CPU
		{3F8FD0EF-DA5F-4F3A-85A3-CC50C502084A}.Debug|Any CPU.ActiveCfg = Debug|Any CPU
		{3F8FD0EF-DA5F-4F3A-85A3-CC50C502084A}.Debug|Any CPU.Build.0 = Debug|Any CPU
		{3F8FD0EF-DA5F-4F3A-85A3-CC50C502084A}.Debug|x64.ActiveCfg = Debug|Any CPU
		{3F8FD0EF-DA5F-4F3A-85A3-CC50C502084A}.Debug|x64.Build.0 = Debug|Any CPU
		{3F8FD0EF-DA5F-4F3A-85A3-CC50C502084A}.Debug|x86.ActiveCfg = Debug|Any CPU
		{3F8FD0EF-DA5F-4F3A-85A3-CC50C502084A}.Debug|x86.Build.0 = Debug|Any CPU
		{3F8FD0EF-DA5F-4F3A-85A3-CC50C502084A}.Release|Any CPU.ActiveCfg = Release|Any CPU
		{3F8FD0EF-DA5F-4F3A-85A3-CC50C502084A}.Release|Any CPU.Build.0 = Release|Any CPU
		{3F8FD0EF-DA5F-4F3A-85A3-CC50C502084A}.Release|x64.ActiveCfg = Release|Any CPU
		{3F8FD0EF-DA5F-4F3A-85A3-CC50C502084A}.Release|x64.Build.0 = Release|Any CPU
		{3F8FD0EF-DA5F-4F3A-85A3-CC50C502084A}.Release|x86.ActiveCfg = Release|Any CPU
		{3F8FD0EF-DA5F-4F3A-85A3-CC50C502084A}.Release|x86.Build.0 = Release|Any CPU
		{03B3DF3F-2490-4B01-97E2-0E6EAFEE28B4}.Debug|Any CPU.ActiveCfg = Debug|Any CPU
		{03B3DF3F-2490-4B01-97E2-0E6EAFEE28B4}.Debug|Any CPU.Build.0 = Debug|Any CPU
		{03B3DF3F-2490-4B01-97E2-0E6EAFEE28B4}.Debug|x64.ActiveCfg = Debug|Any CPU
		{03B3DF3F-2490-4B01-97E2-0E6EAFEE28B4}.Debug|x64.Build.0 = Debug|Any CPU
		{03B3DF3F-2490-4B01-97E2-0E6EAFEE28B4}.Debug|x86.ActiveCfg = Debug|Any CPU
		{03B3DF3F-2490-4B01-97E2-0E6EAFEE28B4}.Debug|x86.Build.0 = Debug|Any CPU
		{03B3DF3F-2490-4B01-97E2-0E6EAFEE28B4}.Release|Any CPU.ActiveCfg = Release|Any CPU
		{03B3DF3F-2490-4B01-97E2-0E6EAFEE28B4}.Release|Any CPU.Build.0 = Release|Any CPU
		{03B3DF3F-2490-4B01-97E2-0E6EAFEE28B4}.Release|x64.ActiveCfg = Release|Any CPU
		{03B3DF3F-2490-4B01-97E2-0E6EAFEE28B4}.Release|x64.Build.0 = Release|Any CPU
		{03B3DF3F-2490-4B01-97E2-0E6EAFEE28B4}.Release|x86.ActiveCfg = Release|Any CPU
		{03B3DF3F-2490-4B01-97E2-0E6EAFEE28B4}.Release|x86.Build.0 = Release|Any CPU
		{00B5AF99-7FBB-4A6C-BCD2-4984270724F6}.Debug|Any CPU.ActiveCfg = Debug|Any CPU
		{00B5AF99-7FBB-4A6C-BCD2-4984270724F6}.Debug|Any CPU.Build.0 = Debug|Any CPU
		{00B5AF99-7FBB-4A6C-BCD2-4984270724F6}.Debug|x64.ActiveCfg = Debug|Any CPU
		{00B5AF99-7FBB-4A6C-BCD2-4984270724F6}.Debug|x64.Build.0 = Debug|Any CPU
		{00B5AF99-7FBB-4A6C-BCD2-4984270724F6}.Debug|x86.ActiveCfg = Debug|Any CPU
		{00B5AF99-7FBB-4A6C-BCD2-4984270724F6}.Debug|x86.Build.0 = Debug|Any CPU
		{00B5AF99-7FBB-4A6C-BCD2-4984270724F6}.Release|Any CPU.ActiveCfg = Release|Any CPU
		{00B5AF99-7FBB-4A6C-BCD2-4984270724F6}.Release|Any CPU.Build.0 = Release|Any CPU
		{00B5AF99-7FBB-4A6C-BCD2-4984270724F6}.Release|x64.ActiveCfg = Release|Any CPU
		{00B5AF99-7FBB-4A6C-BCD2-4984270724F6}.Release|x64.Build.0 = Release|Any CPU
		{00B5AF99-7FBB-4A6C-BCD2-4984270724F6}.Release|x86.ActiveCfg = Release|Any CPU
		{00B5AF99-7FBB-4A6C-BCD2-4984270724F6}.Release|x86.Build.0 = Release|Any CPU
		{120B7419-F45A-4741-B382-F476A1EF51E5}.Debug|Any CPU.ActiveCfg = Debug|Any CPU
		{120B7419-F45A-4741-B382-F476A1EF51E5}.Debug|Any CPU.Build.0 = Debug|Any CPU
		{120B7419-F45A-4741-B382-F476A1EF51E5}.Debug|x64.ActiveCfg = Debug|Any CPU
		{120B7419-F45A-4741-B382-F476A1EF51E5}.Debug|x64.Build.0 = Debug|Any CPU
		{120B7419-F45A-4741-B382-F476A1EF51E5}.Debug|x86.ActiveCfg = Debug|Any CPU
		{120B7419-F45A-4741-B382-F476A1EF51E5}.Debug|x86.Build.0 = Debug|Any CPU
		{120B7419-F45A-4741-B382-F476A1EF51E5}.Release|Any CPU.ActiveCfg = Release|Any CPU
		{120B7419-F45A-4741-B382-F476A1EF51E5}.Release|Any CPU.Build.0 = Release|Any CPU
		{120B7419-F45A-4741-B382-F476A1EF51E5}.Release|x64.ActiveCfg = Release|Any CPU
		{120B7419-F45A-4741-B382-F476A1EF51E5}.Release|x64.Build.0 = Release|Any CPU
		{120B7419-F45A-4741-B382-F476A1EF51E5}.Release|x86.ActiveCfg = Release|Any CPU
		{120B7419-F45A-4741-B382-F476A1EF51E5}.Release|x86.Build.0 = Release|Any CPU
		{63453E73-2B7D-48AA-9254-A1763489A390}.Debug|Any CPU.ActiveCfg = Debug|Any CPU
		{63453E73-2B7D-48AA-9254-A1763489A390}.Debug|Any CPU.Build.0 = Debug|Any CPU
		{63453E73-2B7D-48AA-9254-A1763489A390}.Debug|x64.ActiveCfg = Debug|Any CPU
		{63453E73-2B7D-48AA-9254-A1763489A390}.Debug|x64.Build.0 = Debug|Any CPU
		{63453E73-2B7D-48AA-9254-A1763489A390}.Debug|x86.ActiveCfg = Debug|Any CPU
		{63453E73-2B7D-48AA-9254-A1763489A390}.Debug|x86.Build.0 = Debug|Any CPU
		{63453E73-2B7D-48AA-9254-A1763489A390}.Release|Any CPU.ActiveCfg = Release|Any CPU
		{63453E73-2B7D-48AA-9254-A1763489A390}.Release|Any CPU.Build.0 = Release|Any CPU
		{63453E73-2B7D-48AA-9254-A1763489A390}.Release|x64.ActiveCfg = Release|Any CPU
		{63453E73-2B7D-48AA-9254-A1763489A390}.Release|x64.Build.0 = Release|Any CPU
		{63453E73-2B7D-48AA-9254-A1763489A390}.Release|x86.ActiveCfg = Release|Any CPU
		{63453E73-2B7D-48AA-9254-A1763489A390}.Release|x86.Build.0 = Release|Any CPU
		{B657E21D-90C3-47F0-9BE6-994AFD235148}.Debug|Any CPU.ActiveCfg = Debug|Any CPU
		{B657E21D-90C3-47F0-9BE6-994AFD235148}.Debug|Any CPU.Build.0 = Debug|Any CPU
		{B657E21D-90C3-47F0-9BE6-994AFD235148}.Debug|x64.ActiveCfg = Debug|Any CPU
		{B657E21D-90C3-47F0-9BE6-994AFD235148}.Debug|x64.Build.0 = Debug|Any CPU
		{B657E21D-90C3-47F0-9BE6-994AFD235148}.Debug|x86.ActiveCfg = Debug|Any CPU
		{B657E21D-90C3-47F0-9BE6-994AFD235148}.Debug|x86.Build.0 = Debug|Any CPU
		{B657E21D-90C3-47F0-9BE6-994AFD235148}.Release|Any CPU.ActiveCfg = Release|Any CPU
		{B657E21D-90C3-47F0-9BE6-994AFD235148}.Release|Any CPU.Build.0 = Release|Any CPU
		{B657E21D-90C3-47F0-9BE6-994AFD235148}.Release|x64.ActiveCfg = Release|Any CPU
		{B657E21D-90C3-47F0-9BE6-994AFD235148}.Release|x64.Build.0 = Release|Any CPU
		{B657E21D-90C3-47F0-9BE6-994AFD235148}.Release|x86.ActiveCfg = Release|Any CPU
		{B657E21D-90C3-47F0-9BE6-994AFD235148}.Release|x86.Build.0 = Release|Any CPU
		{6E11DEB1-B214-43DD-B3DA-ED2790B164AA}.Debug|Any CPU.ActiveCfg = Debug|Any CPU
		{6E11DEB1-B214-43DD-B3DA-ED2790B164AA}.Debug|Any CPU.Build.0 = Debug|Any CPU
		{6E11DEB1-B214-43DD-B3DA-ED2790B164AA}.Debug|x64.ActiveCfg = Debug|Any CPU
		{6E11DEB1-B214-43DD-B3DA-ED2790B164AA}.Debug|x64.Build.0 = Debug|Any CPU
		{6E11DEB1-B214-43DD-B3DA-ED2790B164AA}.Debug|x86.ActiveCfg = Debug|Any CPU
		{6E11DEB1-B214-43DD-B3DA-ED2790B164AA}.Debug|x86.Build.0 = Debug|Any CPU
		{6E11DEB1-B214-43DD-B3DA-ED2790B164AA}.Release|Any CPU.ActiveCfg = Release|Any CPU
		{6E11DEB1-B214-43DD-B3DA-ED2790B164AA}.Release|Any CPU.Build.0 = Release|Any CPU
		{6E11DEB1-B214-43DD-B3DA-ED2790B164AA}.Release|x64.ActiveCfg = Release|Any CPU
		{6E11DEB1-B214-43DD-B3DA-ED2790B164AA}.Release|x64.Build.0 = Release|Any CPU
		{6E11DEB1-B214-43DD-B3DA-ED2790B164AA}.Release|x86.ActiveCfg = Release|Any CPU
		{6E11DEB1-B214-43DD-B3DA-ED2790B164AA}.Release|x86.Build.0 = Release|Any CPU
		{6D5C6CBA-D89E-4211-A9A6-4CE46FE599A6}.Debug|Any CPU.ActiveCfg = Debug|Any CPU
		{6D5C6CBA-D89E-4211-A9A6-4CE46FE599A6}.Debug|Any CPU.Build.0 = Debug|Any CPU
		{6D5C6CBA-D89E-4211-A9A6-4CE46FE599A6}.Debug|x64.ActiveCfg = Debug|Any CPU
		{6D5C6CBA-D89E-4211-A9A6-4CE46FE599A6}.Debug|x64.Build.0 = Debug|Any CPU
		{6D5C6CBA-D89E-4211-A9A6-4CE46FE599A6}.Debug|x86.ActiveCfg = Debug|Any CPU
		{6D5C6CBA-D89E-4211-A9A6-4CE46FE599A6}.Debug|x86.Build.0 = Debug|Any CPU
		{6D5C6CBA-D89E-4211-A9A6-4CE46FE599A6}.Release|Any CPU.ActiveCfg = Release|Any CPU
		{6D5C6CBA-D89E-4211-A9A6-4CE46FE599A6}.Release|Any CPU.Build.0 = Release|Any CPU
		{6D5C6CBA-D89E-4211-A9A6-4CE46FE599A6}.Release|x64.ActiveCfg = Release|Any CPU
		{6D5C6CBA-D89E-4211-A9A6-4CE46FE599A6}.Release|x64.Build.0 = Release|Any CPU
		{6D5C6CBA-D89E-4211-A9A6-4CE46FE599A6}.Release|x86.ActiveCfg = Release|Any CPU
		{6D5C6CBA-D89E-4211-A9A6-4CE46FE599A6}.Release|x86.Build.0 = Release|Any CPU
		{9B8947DD-C61E-4846-9FAE-847FBD0ABE7B}.Debug|Any CPU.ActiveCfg = Debug|Any CPU
		{9B8947DD-C61E-4846-9FAE-847FBD0ABE7B}.Debug|Any CPU.Build.0 = Debug|Any CPU
		{9B8947DD-C61E-4846-9FAE-847FBD0ABE7B}.Debug|x64.ActiveCfg = Debug|Any CPU
		{9B8947DD-C61E-4846-9FAE-847FBD0ABE7B}.Debug|x64.Build.0 = Debug|Any CPU
		{9B8947DD-C61E-4846-9FAE-847FBD0ABE7B}.Debug|x86.ActiveCfg = Debug|Any CPU
		{9B8947DD-C61E-4846-9FAE-847FBD0ABE7B}.Debug|x86.Build.0 = Debug|Any CPU
		{9B8947DD-C61E-4846-9FAE-847FBD0ABE7B}.Release|Any CPU.ActiveCfg = Release|Any CPU
		{9B8947DD-C61E-4846-9FAE-847FBD0ABE7B}.Release|Any CPU.Build.0 = Release|Any CPU
		{9B8947DD-C61E-4846-9FAE-847FBD0ABE7B}.Release|x64.ActiveCfg = Release|Any CPU
		{9B8947DD-C61E-4846-9FAE-847FBD0ABE7B}.Release|x64.Build.0 = Release|Any CPU
		{9B8947DD-C61E-4846-9FAE-847FBD0ABE7B}.Release|x86.ActiveCfg = Release|Any CPU
		{9B8947DD-C61E-4846-9FAE-847FBD0ABE7B}.Release|x86.Build.0 = Release|Any CPU
		{BF615D45-D4E0-4ED2-9C63-36D053C4FCE6}.Debug|Any CPU.ActiveCfg = Debug|Any CPU
		{BF615D45-D4E0-4ED2-9C63-36D053C4FCE6}.Debug|Any CPU.Build.0 = Debug|Any CPU
		{BF615D45-D4E0-4ED2-9C63-36D053C4FCE6}.Debug|x64.ActiveCfg = Debug|Any CPU
		{BF615D45-D4E0-4ED2-9C63-36D053C4FCE6}.Debug|x64.Build.0 = Debug|Any CPU
		{BF615D45-D4E0-4ED2-9C63-36D053C4FCE6}.Debug|x86.ActiveCfg = Debug|Any CPU
		{BF615D45-D4E0-4ED2-9C63-36D053C4FCE6}.Debug|x86.Build.0 = Debug|Any CPU
		{BF615D45-D4E0-4ED2-9C63-36D053C4FCE6}.Release|Any CPU.ActiveCfg = Release|Any CPU
		{BF615D45-D4E0-4ED2-9C63-36D053C4FCE6}.Release|Any CPU.Build.0 = Release|Any CPU
		{BF615D45-D4E0-4ED2-9C63-36D053C4FCE6}.Release|x64.ActiveCfg = Release|Any CPU
		{BF615D45-D4E0-4ED2-9C63-36D053C4FCE6}.Release|x64.Build.0 = Release|Any CPU
		{BF615D45-D4E0-4ED2-9C63-36D053C4FCE6}.Release|x86.ActiveCfg = Release|Any CPU
		{BF615D45-D4E0-4ED2-9C63-36D053C4FCE6}.Release|x86.Build.0 = Release|Any CPU
		{11E4BE4B-AB4E-41B6-8A09-523DC5790F38}.Debug|Any CPU.ActiveCfg = Debug|Any CPU
		{11E4BE4B-AB4E-41B6-8A09-523DC5790F38}.Debug|Any CPU.Build.0 = Debug|Any CPU
		{11E4BE4B-AB4E-41B6-8A09-523DC5790F38}.Debug|x64.ActiveCfg = Debug|Any CPU
		{11E4BE4B-AB4E-41B6-8A09-523DC5790F38}.Debug|x64.Build.0 = Debug|Any CPU
		{11E4BE4B-AB4E-41B6-8A09-523DC5790F38}.Debug|x86.ActiveCfg = Debug|Any CPU
		{11E4BE4B-AB4E-41B6-8A09-523DC5790F38}.Debug|x86.Build.0 = Debug|Any CPU
		{11E4BE4B-AB4E-41B6-8A09-523DC5790F38}.Release|Any CPU.ActiveCfg = Release|Any CPU
		{11E4BE4B-AB4E-41B6-8A09-523DC5790F38}.Release|Any CPU.Build.0 = Release|Any CPU
		{11E4BE4B-AB4E-41B6-8A09-523DC5790F38}.Release|x64.ActiveCfg = Release|Any CPU
		{11E4BE4B-AB4E-41B6-8A09-523DC5790F38}.Release|x64.Build.0 = Release|Any CPU
		{11E4BE4B-AB4E-41B6-8A09-523DC5790F38}.Release|x86.ActiveCfg = Release|Any CPU
		{11E4BE4B-AB4E-41B6-8A09-523DC5790F38}.Release|x86.Build.0 = Release|Any CPU
		{407F7E74-E6D2-4AE6-9AF6-A59937511FAB}.Debug|Any CPU.ActiveCfg = Debug|Any CPU
		{407F7E74-E6D2-4AE6-9AF6-A59937511FAB}.Debug|Any CPU.Build.0 = Debug|Any CPU
		{407F7E74-E6D2-4AE6-9AF6-A59937511FAB}.Debug|x64.ActiveCfg = Debug|Any CPU
		{407F7E74-E6D2-4AE6-9AF6-A59937511FAB}.Debug|x64.Build.0 = Debug|Any CPU
		{407F7E74-E6D2-4AE6-9AF6-A59937511FAB}.Debug|x86.ActiveCfg = Debug|Any CPU
		{407F7E74-E6D2-4AE6-9AF6-A59937511FAB}.Debug|x86.Build.0 = Debug|Any CPU
		{407F7E74-E6D2-4AE6-9AF6-A59937511FAB}.Release|Any CPU.ActiveCfg = Release|Any CPU
		{407F7E74-E6D2-4AE6-9AF6-A59937511FAB}.Release|Any CPU.Build.0 = Release|Any CPU
		{407F7E74-E6D2-4AE6-9AF6-A59937511FAB}.Release|x64.ActiveCfg = Release|Any CPU
		{407F7E74-E6D2-4AE6-9AF6-A59937511FAB}.Release|x64.Build.0 = Release|Any CPU
		{407F7E74-E6D2-4AE6-9AF6-A59937511FAB}.Release|x86.ActiveCfg = Release|Any CPU
		{407F7E74-E6D2-4AE6-9AF6-A59937511FAB}.Release|x86.Build.0 = Release|Any CPU
		{B753DF6D-EBCE-4CE2-9FC7-F3258C78F938}.Debug|Any CPU.ActiveCfg = Debug|Any CPU
		{B753DF6D-EBCE-4CE2-9FC7-F3258C78F938}.Debug|Any CPU.Build.0 = Debug|Any CPU
		{B753DF6D-EBCE-4CE2-9FC7-F3258C78F938}.Debug|x64.ActiveCfg = Debug|Any CPU
		{B753DF6D-EBCE-4CE2-9FC7-F3258C78F938}.Debug|x64.Build.0 = Debug|Any CPU
		{B753DF6D-EBCE-4CE2-9FC7-F3258C78F938}.Debug|x86.ActiveCfg = Debug|Any CPU
		{B753DF6D-EBCE-4CE2-9FC7-F3258C78F938}.Debug|x86.Build.0 = Debug|Any CPU
		{B753DF6D-EBCE-4CE2-9FC7-F3258C78F938}.Release|Any CPU.ActiveCfg = Release|Any CPU
		{B753DF6D-EBCE-4CE2-9FC7-F3258C78F938}.Release|Any CPU.Build.0 = Release|Any CPU
		{B753DF6D-EBCE-4CE2-9FC7-F3258C78F938}.Release|x64.ActiveCfg = Release|Any CPU
		{B753DF6D-EBCE-4CE2-9FC7-F3258C78F938}.Release|x64.Build.0 = Release|Any CPU
		{B753DF6D-EBCE-4CE2-9FC7-F3258C78F938}.Release|x86.ActiveCfg = Release|Any CPU
		{B753DF6D-EBCE-4CE2-9FC7-F3258C78F938}.Release|x86.Build.0 = Release|Any CPU
		{9428EA91-5CA4-40DE-8B5E-4E5A4423CB84}.Debug|Any CPU.ActiveCfg = Debug|Any CPU
		{9428EA91-5CA4-40DE-8B5E-4E5A4423CB84}.Debug|Any CPU.Build.0 = Debug|Any CPU
		{9428EA91-5CA4-40DE-8B5E-4E5A4423CB84}.Debug|x64.ActiveCfg = Debug|Any CPU
		{9428EA91-5CA4-40DE-8B5E-4E5A4423CB84}.Debug|x64.Build.0 = Debug|Any CPU
		{9428EA91-5CA4-40DE-8B5E-4E5A4423CB84}.Debug|x86.ActiveCfg = Debug|Any CPU
		{9428EA91-5CA4-40DE-8B5E-4E5A4423CB84}.Debug|x86.Build.0 = Debug|Any CPU
		{9428EA91-5CA4-40DE-8B5E-4E5A4423CB84}.Release|Any CPU.ActiveCfg = Release|Any CPU
		{9428EA91-5CA4-40DE-8B5E-4E5A4423CB84}.Release|Any CPU.Build.0 = Release|Any CPU
		{9428EA91-5CA4-40DE-8B5E-4E5A4423CB84}.Release|x64.ActiveCfg = Release|Any CPU
		{9428EA91-5CA4-40DE-8B5E-4E5A4423CB84}.Release|x64.Build.0 = Release|Any CPU
		{9428EA91-5CA4-40DE-8B5E-4E5A4423CB84}.Release|x86.ActiveCfg = Release|Any CPU
		{9428EA91-5CA4-40DE-8B5E-4E5A4423CB84}.Release|x86.Build.0 = Release|Any CPU
		{F2F4EB32-E637-4D20-ADEF-144C21EBE336}.Debug|Any CPU.ActiveCfg = Debug|Any CPU
		{F2F4EB32-E637-4D20-ADEF-144C21EBE336}.Debug|Any CPU.Build.0 = Debug|Any CPU
		{F2F4EB32-E637-4D20-ADEF-144C21EBE336}.Debug|x64.ActiveCfg = Debug|Any CPU
		{F2F4EB32-E637-4D20-ADEF-144C21EBE336}.Debug|x64.Build.0 = Debug|Any CPU
		{F2F4EB32-E637-4D20-ADEF-144C21EBE336}.Debug|x86.ActiveCfg = Debug|Any CPU
		{F2F4EB32-E637-4D20-ADEF-144C21EBE336}.Debug|x86.Build.0 = Debug|Any CPU
		{F2F4EB32-E637-4D20-ADEF-144C21EBE336}.Release|Any CPU.ActiveCfg = Release|Any CPU
		{F2F4EB32-E637-4D20-ADEF-144C21EBE336}.Release|Any CPU.Build.0 = Release|Any CPU
		{F2F4EB32-E637-4D20-ADEF-144C21EBE336}.Release|x64.ActiveCfg = Release|Any CPU
		{F2F4EB32-E637-4D20-ADEF-144C21EBE336}.Release|x64.Build.0 = Release|Any CPU
		{F2F4EB32-E637-4D20-ADEF-144C21EBE336}.Release|x86.ActiveCfg = Release|Any CPU
		{F2F4EB32-E637-4D20-ADEF-144C21EBE336}.Release|x86.Build.0 = Release|Any CPU
		{84698F16-EB84-471D-971B-E42AFB34BDCA}.Debug|Any CPU.ActiveCfg = Debug|Any CPU
		{84698F16-EB84-471D-971B-E42AFB34BDCA}.Debug|Any CPU.Build.0 = Debug|Any CPU
		{84698F16-EB84-471D-971B-E42AFB34BDCA}.Debug|x64.ActiveCfg = Debug|Any CPU
		{84698F16-EB84-471D-971B-E42AFB34BDCA}.Debug|x64.Build.0 = Debug|Any CPU
		{84698F16-EB84-471D-971B-E42AFB34BDCA}.Debug|x86.ActiveCfg = Debug|Any CPU
		{84698F16-EB84-471D-971B-E42AFB34BDCA}.Debug|x86.Build.0 = Debug|Any CPU
		{84698F16-EB84-471D-971B-E42AFB34BDCA}.Release|Any CPU.ActiveCfg = Release|Any CPU
		{84698F16-EB84-471D-971B-E42AFB34BDCA}.Release|Any CPU.Build.0 = Release|Any CPU
		{84698F16-EB84-471D-971B-E42AFB34BDCA}.Release|x64.ActiveCfg = Release|Any CPU
		{84698F16-EB84-471D-971B-E42AFB34BDCA}.Release|x64.Build.0 = Release|Any CPU
		{84698F16-EB84-471D-971B-E42AFB34BDCA}.Release|x86.ActiveCfg = Release|Any CPU
		{84698F16-EB84-471D-971B-E42AFB34BDCA}.Release|x86.Build.0 = Release|Any CPU
		{165BA412-877B-4AD3-99A5-45DD31414314}.Debug|Any CPU.ActiveCfg = Debug|Any CPU
		{165BA412-877B-4AD3-99A5-45DD31414314}.Debug|Any CPU.Build.0 = Debug|Any CPU
		{165BA412-877B-4AD3-99A5-45DD31414314}.Debug|x64.ActiveCfg = Debug|Any CPU
		{165BA412-877B-4AD3-99A5-45DD31414314}.Debug|x64.Build.0 = Debug|Any CPU
		{165BA412-877B-4AD3-99A5-45DD31414314}.Debug|x86.ActiveCfg = Debug|Any CPU
		{165BA412-877B-4AD3-99A5-45DD31414314}.Debug|x86.Build.0 = Debug|Any CPU
		{165BA412-877B-4AD3-99A5-45DD31414314}.Release|Any CPU.ActiveCfg = Release|Any CPU
		{165BA412-877B-4AD3-99A5-45DD31414314}.Release|Any CPU.Build.0 = Release|Any CPU
		{165BA412-877B-4AD3-99A5-45DD31414314}.Release|x64.ActiveCfg = Release|Any CPU
		{165BA412-877B-4AD3-99A5-45DD31414314}.Release|x64.Build.0 = Release|Any CPU
		{165BA412-877B-4AD3-99A5-45DD31414314}.Release|x86.ActiveCfg = Release|Any CPU
		{165BA412-877B-4AD3-99A5-45DD31414314}.Release|x86.Build.0 = Release|Any CPU
		{DF729C3F-44DE-4007-9D47-FF15C82E84C4}.Debug|Any CPU.ActiveCfg = Debug|Any CPU
		{DF729C3F-44DE-4007-9D47-FF15C82E84C4}.Debug|Any CPU.Build.0 = Debug|Any CPU
		{DF729C3F-44DE-4007-9D47-FF15C82E84C4}.Debug|x64.ActiveCfg = Debug|Any CPU
		{DF729C3F-44DE-4007-9D47-FF15C82E84C4}.Debug|x64.Build.0 = Debug|Any CPU
		{DF729C3F-44DE-4007-9D47-FF15C82E84C4}.Debug|x86.ActiveCfg = Debug|Any CPU
		{DF729C3F-44DE-4007-9D47-FF15C82E84C4}.Debug|x86.Build.0 = Debug|Any CPU
		{DF729C3F-44DE-4007-9D47-FF15C82E84C4}.Release|Any CPU.ActiveCfg = Release|Any CPU
		{DF729C3F-44DE-4007-9D47-FF15C82E84C4}.Release|Any CPU.Build.0 = Release|Any CPU
		{DF729C3F-44DE-4007-9D47-FF15C82E84C4}.Release|x64.ActiveCfg = Release|Any CPU
		{DF729C3F-44DE-4007-9D47-FF15C82E84C4}.Release|x64.Build.0 = Release|Any CPU
		{DF729C3F-44DE-4007-9D47-FF15C82E84C4}.Release|x86.ActiveCfg = Release|Any CPU
		{DF729C3F-44DE-4007-9D47-FF15C82E84C4}.Release|x86.Build.0 = Release|Any CPU
		{24C53303-5DAB-4013-8A6D-EA262BCCAF03}.Debug|Any CPU.ActiveCfg = Debug|Any CPU
		{24C53303-5DAB-4013-8A6D-EA262BCCAF03}.Debug|Any CPU.Build.0 = Debug|Any CPU
		{24C53303-5DAB-4013-8A6D-EA262BCCAF03}.Debug|x64.ActiveCfg = Debug|Any CPU
		{24C53303-5DAB-4013-8A6D-EA262BCCAF03}.Debug|x64.Build.0 = Debug|Any CPU
		{24C53303-5DAB-4013-8A6D-EA262BCCAF03}.Debug|x86.ActiveCfg = Debug|Any CPU
		{24C53303-5DAB-4013-8A6D-EA262BCCAF03}.Debug|x86.Build.0 = Debug|Any CPU
		{24C53303-5DAB-4013-8A6D-EA262BCCAF03}.Release|Any CPU.ActiveCfg = Release|Any CPU
		{24C53303-5DAB-4013-8A6D-EA262BCCAF03}.Release|Any CPU.Build.0 = Release|Any CPU
		{24C53303-5DAB-4013-8A6D-EA262BCCAF03}.Release|x64.ActiveCfg = Release|Any CPU
		{24C53303-5DAB-4013-8A6D-EA262BCCAF03}.Release|x64.Build.0 = Release|Any CPU
		{24C53303-5DAB-4013-8A6D-EA262BCCAF03}.Release|x86.ActiveCfg = Release|Any CPU
		{24C53303-5DAB-4013-8A6D-EA262BCCAF03}.Release|x86.Build.0 = Release|Any CPU
		{58239C49-3FA2-482D-A982-4C1A76E46D88}.Debug|Any CPU.ActiveCfg = Debug|Any CPU
		{58239C49-3FA2-482D-A982-4C1A76E46D88}.Debug|Any CPU.Build.0 = Debug|Any CPU
		{58239C49-3FA2-482D-A982-4C1A76E46D88}.Debug|x64.ActiveCfg = Debug|Any CPU
		{58239C49-3FA2-482D-A982-4C1A76E46D88}.Debug|x64.Build.0 = Debug|Any CPU
		{58239C49-3FA2-482D-A982-4C1A76E46D88}.Debug|x86.ActiveCfg = Debug|Any CPU
		{58239C49-3FA2-482D-A982-4C1A76E46D88}.Debug|x86.Build.0 = Debug|Any CPU
		{58239C49-3FA2-482D-A982-4C1A76E46D88}.Release|Any CPU.ActiveCfg = Release|Any CPU
		{58239C49-3FA2-482D-A982-4C1A76E46D88}.Release|Any CPU.Build.0 = Release|Any CPU
		{58239C49-3FA2-482D-A982-4C1A76E46D88}.Release|x64.ActiveCfg = Release|Any CPU
		{58239C49-3FA2-482D-A982-4C1A76E46D88}.Release|x64.Build.0 = Release|Any CPU
		{58239C49-3FA2-482D-A982-4C1A76E46D88}.Release|x86.ActiveCfg = Release|Any CPU
		{58239C49-3FA2-482D-A982-4C1A76E46D88}.Release|x86.Build.0 = Release|Any CPU
	EndGlobalSection
	GlobalSection(SolutionProperties) = preSolution
		HideSolutionNode = FALSE
	EndGlobalSection
	GlobalSection(NestedProjects) = preSolution
		{3F8FD0EF-DA5F-4F3A-85A3-CC50C502084A} = {DB25BBA9-47B8-4778-AE87-94A1E9958E29}
		{03B3DF3F-2490-4B01-97E2-0E6EAFEE28B4} = {DB25BBA9-47B8-4778-AE87-94A1E9958E29}
		{00B5AF99-7FBB-4A6C-BCD2-4984270724F6} = {DB25BBA9-47B8-4778-AE87-94A1E9958E29}
		{120B7419-F45A-4741-B382-F476A1EF51E5} = {DB25BBA9-47B8-4778-AE87-94A1E9958E29}
		{63453E73-2B7D-48AA-9254-A1763489A390} = {DB25BBA9-47B8-4778-AE87-94A1E9958E29}
		{B657E21D-90C3-47F0-9BE6-994AFD235148} = {DB25BBA9-47B8-4778-AE87-94A1E9958E29}
		{6E11DEB1-B214-43DD-B3DA-ED2790B164AA} = {DB25BBA9-47B8-4778-AE87-94A1E9958E29}
		{6D5C6CBA-D89E-4211-A9A6-4CE46FE599A6} = {DB25BBA9-47B8-4778-AE87-94A1E9958E29}
		{9B8947DD-C61E-4846-9FAE-847FBD0ABE7B} = {DB25BBA9-47B8-4778-AE87-94A1E9958E29}
		{BF615D45-D4E0-4ED2-9C63-36D053C4FCE6} = {DB25BBA9-47B8-4778-AE87-94A1E9958E29}
		{11E4BE4B-AB4E-41B6-8A09-523DC5790F38} = {DB25BBA9-47B8-4778-AE87-94A1E9958E29}
		{407F7E74-E6D2-4AE6-9AF6-A59937511FAB} = {DB25BBA9-47B8-4778-AE87-94A1E9958E29}
		{B753DF6D-EBCE-4CE2-9FC7-F3258C78F938} = {DB25BBA9-47B8-4778-AE87-94A1E9958E29}
		{9428EA91-5CA4-40DE-8B5E-4E5A4423CB84} = {DB25BBA9-47B8-4778-AE87-94A1E9958E29}
		{165BA412-877B-4AD3-99A5-45DD31414314} = {DB25BBA9-47B8-4778-AE87-94A1E9958E29}
		{DF729C3F-44DE-4007-9D47-FF15C82E84C4} = {DB25BBA9-47B8-4778-AE87-94A1E9958E29}
		{24C53303-5DAB-4013-8A6D-EA262BCCAF03} = {DB25BBA9-47B8-4778-AE87-94A1E9958E29}
		{58239C49-3FA2-482D-A982-4C1A76E46D88} = {DB25BBA9-47B8-4778-AE87-94A1E9958E29}
	EndGlobalSection
	GlobalSection(ExtensibilityGlobals) = postSolution
		SolutionGuid = {7EC84DA1-0EEF-4641-810E-6BF7D6B49B60}
	EndGlobalSection
EndGlobal
