
Microsoft Visual Studio Solution File, Format Version 12.00
# Visual Studio Version 16
VisualStudioVersion = 16.6.30114.105
MinimumVisualStudioVersion = 10.0.40219.1
Project("{FAE04EC0-301F-11D3-BF4B-00C04F79EFBC}") = "R5T.D0095.A001", "R5T.D0095.A001\R5T.D0095.A001.csproj", "{333D652E-60B4-4BBA-BFB8-AFB6B218D0D7}"
EndProject
Project("{FAE04EC0-301F-11D3-BF4B-00C04F79EFBC}") = "R5T.D0095.I001", "R5T.D0095.I001\R5T.D0095.I001.csproj", "{50830925-325F-421D-AFCB-7C0BF7CB3A08}"
EndProject
Project("{FAE04EC0-301F-11D3-BF4B-00C04F79EFBC}") = "R5T.D0095.Base", "R5T.D0095.Base\R5T.D0095.Base.csproj", "{6C03B29B-B237-428F-AC58-949310ABC3E3}"
EndProject
Project("{2150E333-8FDC-42A3-9474-1A3956D46DE8}") = "_Dependencies", "_Dependencies", "{35395B66-057F-4D50-8187-356613FCEF84}"
EndProject
Project("{FAE04EC0-301F-11D3-BF4B-00C04F79EFBC}") = "R5T.Dacia.Extensions", "..\..\R5T.Dacia.Extensions\source\R5T.Dacia.Extensions\R5T.Dacia.Extensions.csproj", "{5358E73F-026E-489E-9F92-40C6987F9912}"
EndProject
Project("{FAE04EC0-301F-11D3-BF4B-00C04F79EFBC}") = "R5T.Dacia.T002", "..\..\R5T.Dacia\source\R5T.Dacia.T002\R5T.Dacia.T002.csproj", "{D7446A5B-3C24-4596-853D-040CE18EC8E9}"
EndProject
Global
	GlobalSection(SolutionConfigurationPlatforms) = preSolution
		Debug|Any CPU = Debug|Any CPU
		Debug|x64 = Debug|x64
		Debug|x86 = Debug|x86
		Release|Any CPU = Release|Any CPU
		Release|x64 = Release|x64
		Release|x86 = Release|x86
	EndGlobalSection
	GlobalSection(SolutionProperties) = preSolution
		HideSolutionNode = FALSE
	EndGlobalSection
	GlobalSection(ProjectConfigurationPlatforms) = postSolution
		{333D652E-60B4-4BBA-BFB8-AFB6B218D0D7}.Debug|Any CPU.ActiveCfg = Debug|Any CPU
		{333D652E-60B4-4BBA-BFB8-AFB6B218D0D7}.Debug|Any CPU.Build.0 = Debug|Any CPU
		{333D652E-60B4-4BBA-BFB8-AFB6B218D0D7}.Debug|x64.ActiveCfg = Debug|Any CPU
		{333D652E-60B4-4BBA-BFB8-AFB6B218D0D7}.Debug|x64.Build.0 = Debug|Any CPU
		{333D652E-60B4-4BBA-BFB8-AFB6B218D0D7}.Debug|x86.ActiveCfg = Debug|Any CPU
		{333D652E-60B4-4BBA-BFB8-AFB6B218D0D7}.Debug|x86.Build.0 = Debug|Any CPU
		{333D652E-60B4-4BBA-BFB8-AFB6B218D0D7}.Release|Any CPU.ActiveCfg = Release|Any CPU
		{333D652E-60B4-4BBA-BFB8-AFB6B218D0D7}.Release|Any CPU.Build.0 = Release|Any CPU
		{333D652E-60B4-4BBA-BFB8-AFB6B218D0D7}.Release|x64.ActiveCfg = Release|Any CPU
		{333D652E-60B4-4BBA-BFB8-AFB6B218D0D7}.Release|x64.Build.0 = Release|Any CPU
		{333D652E-60B4-4BBA-BFB8-AFB6B218D0D7}.Release|x86.ActiveCfg = Release|Any CPU
		{333D652E-60B4-4BBA-BFB8-AFB6B218D0D7}.Release|x86.Build.0 = Release|Any CPU
		{50830925-325F-421D-AFCB-7C0BF7CB3A08}.Debug|Any CPU.ActiveCfg = Debug|Any CPU
		{50830925-325F-421D-AFCB-7C0BF7CB3A08}.Debug|Any CPU.Build.0 = Debug|Any CPU
		{50830925-325F-421D-AFCB-7C0BF7CB3A08}.Debug|x64.ActiveCfg = Debug|Any CPU
		{50830925-325F-421D-AFCB-7C0BF7CB3A08}.Debug|x64.Build.0 = Debug|Any CPU
		{50830925-325F-421D-AFCB-7C0BF7CB3A08}.Debug|x86.ActiveCfg = Debug|Any CPU
		{50830925-325F-421D-AFCB-7C0BF7CB3A08}.Debug|x86.Build.0 = Debug|Any CPU
		{50830925-325F-421D-AFCB-7C0BF7CB3A08}.Release|Any CPU.ActiveCfg = Release|Any CPU
		{50830925-325F-421D-AFCB-7C0BF7CB3A08}.Release|Any CPU.Build.0 = Release|Any CPU
		{50830925-325F-421D-AFCB-7C0BF7CB3A08}.Release|x64.ActiveCfg = Release|Any CPU
		{50830925-325F-421D-AFCB-7C0BF7CB3A08}.Release|x64.Build.0 = Release|Any CPU
		{50830925-325F-421D-AFCB-7C0BF7CB3A08}.Release|x86.ActiveCfg = Release|Any CPU
		{50830925-325F-421D-AFCB-7C0BF7CB3A08}.Release|x86.Build.0 = Release|Any CPU
		{6C03B29B-B237-428F-AC58-949310ABC3E3}.Debug|Any CPU.ActiveCfg = Debug|Any CPU
		{6C03B29B-B237-428F-AC58-949310ABC3E3}.Debug|Any CPU.Build.0 = Debug|Any CPU
		{6C03B29B-B237-428F-AC58-949310ABC3E3}.Debug|x64.ActiveCfg = Debug|Any CPU
		{6C03B29B-B237-428F-AC58-949310ABC3E3}.Debug|x64.Build.0 = Debug|Any CPU
		{6C03B29B-B237-428F-AC58-949310ABC3E3}.Debug|x86.ActiveCfg = Debug|Any CPU
		{6C03B29B-B237-428F-AC58-949310ABC3E3}.Debug|x86.Build.0 = Debug|Any CPU
		{6C03B29B-B237-428F-AC58-949310ABC3E3}.Release|Any CPU.ActiveCfg = Release|Any CPU
		{6C03B29B-B237-428F-AC58-949310ABC3E3}.Release|Any CPU.Build.0 = Release|Any CPU
		{6C03B29B-B237-428F-AC58-949310ABC3E3}.Release|x64.ActiveCfg = Release|Any CPU
		{6C03B29B-B237-428F-AC58-949310ABC3E3}.Release|x64.Build.0 = Release|Any CPU
		{6C03B29B-B237-428F-AC58-949310ABC3E3}.Release|x86.ActiveCfg = Release|Any CPU
		{6C03B29B-B237-428F-AC58-949310ABC3E3}.Release|x86.Build.0 = Release|Any CPU
		{5358E73F-026E-489E-9F92-40C6987F9912}.Debug|Any CPU.ActiveCfg = Debug|Any CPU
		{5358E73F-026E-489E-9F92-40C6987F9912}.Debug|Any CPU.Build.0 = Debug|Any CPU
		{5358E73F-026E-489E-9F92-40C6987F9912}.Debug|x64.ActiveCfg = Debug|Any CPU
		{5358E73F-026E-489E-9F92-40C6987F9912}.Debug|x64.Build.0 = Debug|Any CPU
		{5358E73F-026E-489E-9F92-40C6987F9912}.Debug|x86.ActiveCfg = Debug|Any CPU
		{5358E73F-026E-489E-9F92-40C6987F9912}.Debug|x86.Build.0 = Debug|Any CPU
		{5358E73F-026E-489E-9F92-40C6987F9912}.Release|Any CPU.ActiveCfg = Release|Any CPU
		{5358E73F-026E-489E-9F92-40C6987F9912}.Release|Any CPU.Build.0 = Release|Any CPU
		{5358E73F-026E-489E-9F92-40C6987F9912}.Release|x64.ActiveCfg = Release|Any CPU
		{5358E73F-026E-489E-9F92-40C6987F9912}.Release|x64.Build.0 = Release|Any CPU
		{5358E73F-026E-489E-9F92-40C6987F9912}.Release|x86.ActiveCfg = Release|Any CPU
		{5358E73F-026E-489E-9F92-40C6987F9912}.Release|x86.Build.0 = Release|Any CPU
		{D7446A5B-3C24-4596-853D-040CE18EC8E9}.Debug|Any CPU.ActiveCfg = Debug|Any CPU
		{D7446A5B-3C24-4596-853D-040CE18EC8E9}.Debug|Any CPU.Build.0 = Debug|Any CPU
		{D7446A5B-3C24-4596-853D-040CE18EC8E9}.Debug|x64.ActiveCfg = Debug|Any CPU
		{D7446A5B-3C24-4596-853D-040CE18EC8E9}.Debug|x64.Build.0 = Debug|Any CPU
		{D7446A5B-3C24-4596-853D-040CE18EC8E9}.Debug|x86.ActiveCfg = Debug|Any CPU
		{D7446A5B-3C24-4596-853D-040CE18EC8E9}.Debug|x86.Build.0 = Debug|Any CPU
		{D7446A5B-3C24-4596-853D-040CE18EC8E9}.Release|Any CPU.ActiveCfg = Release|Any CPU
		{D7446A5B-3C24-4596-853D-040CE18EC8E9}.Release|Any CPU.Build.0 = Release|Any CPU
		{D7446A5B-3C24-4596-853D-040CE18EC8E9}.Release|x64.ActiveCfg = Release|Any CPU
		{D7446A5B-3C24-4596-853D-040CE18EC8E9}.Release|x64.Build.0 = Release|Any CPU
		{D7446A5B-3C24-4596-853D-040CE18EC8E9}.Release|x86.ActiveCfg = Release|Any CPU
		{D7446A5B-3C24-4596-853D-040CE18EC8E9}.Release|x86.Build.0 = Release|Any CPU
	EndGlobalSection
	GlobalSection(NestedProjects) = preSolution
		{5358E73F-026E-489E-9F92-40C6987F9912} = {35395B66-057F-4D50-8187-356613FCEF84}
		{D7446A5B-3C24-4596-853D-040CE18EC8E9} = {35395B66-057F-4D50-8187-356613FCEF84}
	EndGlobalSection
EndGlobal
