
Microsoft Visual Studio Solution File, Format Version 12.00
# Visual Studio Version 16
VisualStudioVersion = 16.6.30114.105
MinimumVisualStudioVersion = 10.0.40219.1
Project("{FAE04EC0-301F-11D3-BF4B-00C04F79EFBC}") = "R5T.D0095.Construction", "R5T.D0095.Construction\R5T.D0095.Construction.csproj", "{D71134E9-5BDF-4138-A2FB-B3AE4DFCB5C8}"
EndProject
Project("{2150E333-8FDC-42A3-9474-1A3956D46DE8}") = "_Dependencies", "_Dependencies", "{64EDB7F7-6AFA-4276-B7B6-196705AAF816}"
EndProject
Project("{FAE04EC0-301F-11D3-BF4B-00C04F79EFBC}") = "R5T.Plymouth.ProgramAsAService", "..\..\R5T.Plymouth\source\R5T.Plymouth.ProgramAsAService\R5T.Plymouth.ProgramAsAService.csproj", "{851052B6-355E-4F87-9746-3FADAA253AE8}"
EndProject
Project("{FAE04EC0-301F-11D3-BF4B-00C04F79EFBC}") = "R5T.T0027.T009", "..\..\R5T.T0027\source\R5T.T0027.T009\R5T.T0027.T009.csproj", "{7306602F-24B3-4824-B2A7-C6948DEBF7F9}"
EndProject
Project("{FAE04EC0-301F-11D3-BF4B-00C04F79EFBC}") = "R5T.D0095.I001", "R5T.D0095.I001\R5T.D0095.I001.csproj", "{49016861-FD2A-41A4-9F61-8C578E2BE1A7}"
EndProject
Project("{FAE04EC0-301F-11D3-BF4B-00C04F79EFBC}") = "R5T.D0095.Base", "R5T.D0095.Base\R5T.D0095.Base.csproj", "{86B53864-9A1C-4885-B6CC-CD956BD9BCDA}"
EndProject
Project("{FAE04EC0-301F-11D3-BF4B-00C04F79EFBC}") = "R5T.Dacia.Extensions", "..\..\R5T.Dacia.Extensions\source\R5T.Dacia.Extensions\R5T.Dacia.Extensions.csproj", "{5DA3C3A3-939B-44D2-BCC3-C5D656E391B6}"
EndProject
Project("{FAE04EC0-301F-11D3-BF4B-00C04F79EFBC}") = "R5T.Dacia.T002", "..\..\R5T.Dacia\source\R5T.Dacia.T002\R5T.Dacia.T002.csproj", "{48995DB0-BEA0-4571-9F48-E3E993BCB9A3}"
EndProject
Global
	GlobalSection(SolutionConfigurationPlatforms) = preSolution
		Debug|Any CPU = Debug|Any CPU
		Debug|x64 = Debug|x64
		Debug|x86 = Debug|x86
		Release|Any CPU = Release|Any CPU
		Release|x64 = Release|x64
		Release|x86 = Release|x86
	EndGlobalSection
	GlobalSection(SolutionProperties) = preSolution
		HideSolutionNode = FALSE
	EndGlobalSection
	GlobalSection(ProjectConfigurationPlatforms) = postSolution
		{D71134E9-5BDF-4138-A2FB-B3AE4DFCB5C8}.Debug|Any CPU.ActiveCfg = Debug|Any CPU
		{D71134E9-5BDF-4138-A2FB-B3AE4DFCB5C8}.Debug|Any CPU.Build.0 = Debug|Any CPU
		{D71134E9-5BDF-4138-A2FB-B3AE4DFCB5C8}.Debug|x64.ActiveCfg = Debug|Any CPU
		{D71134E9-5BDF-4138-A2FB-B3AE4DFCB5C8}.Debug|x64.Build.0 = Debug|Any CPU
		{D71134E9-5BDF-4138-A2FB-B3AE4DFCB5C8}.Debug|x86.ActiveCfg = Debug|Any CPU
		{D71134E9-5BDF-4138-A2FB-B3AE4DFCB5C8}.Debug|x86.Build.0 = Debug|Any CPU
		{D71134E9-5BDF-4138-A2FB-B3AE4DFCB5C8}.Release|Any CPU.ActiveCfg = Release|Any CPU
		{D71134E9-5BDF-4138-A2FB-B3AE4DFCB5C8}.Release|Any CPU.Build.0 = Release|Any CPU
		{D71134E9-5BDF-4138-A2FB-B3AE4DFCB5C8}.Release|x64.ActiveCfg = Release|Any CPU
		{D71134E9-5BDF-4138-A2FB-B3AE4DFCB5C8}.Release|x64.Build.0 = Release|Any CPU
		{D71134E9-5BDF-4138-A2FB-B3AE4DFCB5C8}.Release|x86.ActiveCfg = Release|Any CPU
		{D71134E9-5BDF-4138-A2FB-B3AE4DFCB5C8}.Release|x86.Build.0 = Release|Any CPU
		{851052B6-355E-4F87-9746-3FADAA253AE8}.Debug|Any CPU.ActiveCfg = Debug|Any CPU
		{851052B6-355E-4F87-9746-3FADAA253AE8}.Debug|Any CPU.Build.0 = Debug|Any CPU
		{851052B6-355E-4F87-9746-3FADAA253AE8}.Debug|x64.ActiveCfg = Debug|Any CPU
		{851052B6-355E-4F87-9746-3FADAA253AE8}.Debug|x64.Build.0 = Debug|Any CPU
		{851052B6-355E-4F87-9746-3FADAA253AE8}.Debug|x86.ActiveCfg = Debug|Any CPU
		{851052B6-355E-4F87-9746-3FADAA253AE8}.Debug|x86.Build.0 = Debug|Any CPU
		{851052B6-355E-4F87-9746-3FADAA253AE8}.Release|Any CPU.ActiveCfg = Release|Any CPU
		{851052B6-355E-4F87-9746-3FADAA253AE8}.Release|Any CPU.Build.0 = Release|Any CPU
		{851052B6-355E-4F87-9746-3FADAA253AE8}.Release|x64.ActiveCfg = Release|Any CPU
		{851052B6-355E-4F87-9746-3FADAA253AE8}.Release|x64.Build.0 = Release|Any CPU
		{851052B6-355E-4F87-9746-3FADAA253AE8}.Release|x86.ActiveCfg = Release|Any CPU
		{851052B6-355E-4F87-9746-3FADAA253AE8}.Release|x86.Build.0 = Release|Any CPU
		{7306602F-24B3-4824-B2A7-C6948DEBF7F9}.Debug|Any CPU.ActiveCfg = Debug|Any CPU
		{7306602F-24B3-4824-B2A7-C6948DEBF7F9}.Debug|Any CPU.Build.0 = Debug|Any CPU
		{7306602F-24B3-4824-B2A7-C6948DEBF7F9}.Debug|x64.ActiveCfg = Debug|Any CPU
		{7306602F-24B3-4824-B2A7-C6948DEBF7F9}.Debug|x64.Build.0 = Debug|Any CPU
		{7306602F-24B3-4824-B2A7-C6948DEBF7F9}.Debug|x86.ActiveCfg = Debug|Any CPU
		{7306602F-24B3-4824-B2A7-C6948DEBF7F9}.Debug|x86.Build.0 = Debug|Any CPU
		{7306602F-24B3-4824-B2A7-C6948DEBF7F9}.Release|Any CPU.ActiveCfg = Release|Any CPU
		{7306602F-24B3-4824-B2A7-C6948DEBF7F9}.Release|Any CPU.Build.0 = Release|Any CPU
		{7306602F-24B3-4824-B2A7-C6948DEBF7F9}.Release|x64.ActiveCfg = Release|Any CPU
		{7306602F-24B3-4824-B2A7-C6948DEBF7F9}.Release|x64.Build.0 = Release|Any CPU
		{7306602F-24B3-4824-B2A7-C6948DEBF7F9}.Release|x86.ActiveCfg = Release|Any CPU
		{7306602F-24B3-4824-B2A7-C6948DEBF7F9}.Release|x86.Build.0 = Release|Any CPU
		{49016861-FD2A-41A4-9F61-8C578E2BE1A7}.Debug|Any CPU.ActiveCfg = Debug|Any CPU
		{49016861-FD2A-41A4-9F61-8C578E2BE1A7}.Debug|Any CPU.Build.0 = Debug|Any CPU
		{49016861-FD2A-41A4-9F61-8C578E2BE1A7}.Debug|x64.ActiveCfg = Debug|Any CPU
		{49016861-FD2A-41A4-9F61-8C578E2BE1A7}.Debug|x64.Build.0 = Debug|Any CPU
		{49016861-FD2A-41A4-9F61-8C578E2BE1A7}.Debug|x86.ActiveCfg = Debug|Any CPU
		{49016861-FD2A-41A4-9F61-8C578E2BE1A7}.Debug|x86.Build.0 = Debug|Any CPU
		{49016861-FD2A-41A4-9F61-8C578E2BE1A7}.Release|Any CPU.ActiveCfg = Release|Any CPU
		{49016861-FD2A-41A4-9F61-8C578E2BE1A7}.Release|Any CPU.Build.0 = Release|Any CPU
		{49016861-FD2A-41A4-9F61-8C578E2BE1A7}.Release|x64.ActiveCfg = Release|Any CPU
		{49016861-FD2A-41A4-9F61-8C578E2BE1A7}.Release|x64.Build.0 = Release|Any CPU
		{49016861-FD2A-41A4-9F61-8C578E2BE1A7}.Release|x86.ActiveCfg = Release|Any CPU
		{49016861-FD2A-41A4-9F61-8C578E2BE1A7}.Release|x86.Build.0 = Release|Any CPU
		{86B53864-9A1C-4885-B6CC-CD956BD9BCDA}.Debug|Any CPU.ActiveCfg = Debug|Any CPU
		{86B53864-9A1C-4885-B6CC-CD956BD9BCDA}.Debug|Any CPU.Build.0 = Debug|Any CPU
		{86B53864-9A1C-4885-B6CC-CD956BD9BCDA}.Debug|x64.ActiveCfg = Debug|Any CPU
		{86B53864-9A1C-4885-B6CC-CD956BD9BCDA}.Debug|x64.Build.0 = Debug|Any CPU
		{86B53864-9A1C-4885-B6CC-CD956BD9BCDA}.Debug|x86.ActiveCfg = Debug|Any CPU
		{86B53864-9A1C-4885-B6CC-CD956BD9BCDA}.Debug|x86.Build.0 = Debug|Any CPU
		{86B53864-9A1C-4885-B6CC-CD956BD9BCDA}.Release|Any CPU.ActiveCfg = Release|Any CPU
		{86B53864-9A1C-4885-B6CC-CD956BD9BCDA}.Release|Any CPU.Build.0 = Release|Any CPU
		{86B53864-9A1C-4885-B6CC-CD956BD9BCDA}.Release|x64.ActiveCfg = Release|Any CPU
		{86B53864-9A1C-4885-B6CC-CD956BD9BCDA}.Release|x64.Build.0 = Release|Any CPU
		{86B53864-9A1C-4885-B6CC-CD956BD9BCDA}.Release|x86.ActiveCfg = Release|Any CPU
		{86B53864-9A1C-4885-B6CC-CD956BD9BCDA}.Release|x86.Build.0 = Release|Any CPU
		{5DA3C3A3-939B-44D2-BCC3-C5D656E391B6}.Debug|Any CPU.ActiveCfg = Debug|Any CPU
		{5DA3C3A3-939B-44D2-BCC3-C5D656E391B6}.Debug|Any CPU.Build.0 = Debug|Any CPU
		{5DA3C3A3-939B-44D2-BCC3-C5D656E391B6}.Debug|x64.ActiveCfg = Debug|Any CPU
		{5DA3C3A3-939B-44D2-BCC3-C5D656E391B6}.Debug|x64.Build.0 = Debug|Any CPU
		{5DA3C3A3-939B-44D2-BCC3-C5D656E391B6}.Debug|x86.ActiveCfg = Debug|Any CPU
		{5DA3C3A3-939B-44D2-BCC3-C5D656E391B6}.Debug|x86.Build.0 = Debug|Any CPU
		{5DA3C3A3-939B-44D2-BCC3-C5D656E391B6}.Release|Any CPU.ActiveCfg = Release|Any CPU
		{5DA3C3A3-939B-44D2-BCC3-C5D656E391B6}.Release|Any CPU.Build.0 = Release|Any CPU
		{5DA3C3A3-939B-44D2-BCC3-C5D656E391B6}.Release|x64.ActiveCfg = Release|Any CPU
		{5DA3C3A3-939B-44D2-BCC3-C5D656E391B6}.Release|x64.Build.0 = Release|Any CPU
		{5DA3C3A3-939B-44D2-BCC3-C5D656E391B6}.Release|x86.ActiveCfg = Release|Any CPU
		{5DA3C3A3-939B-44D2-BCC3-C5D656E391B6}.Release|x86.Build.0 = Release|Any CPU
		{48995DB0-BEA0-4571-9F48-E3E993BCB9A3}.Debug|Any CPU.ActiveCfg = Debug|Any CPU
		{48995DB0-BEA0-4571-9F48-E3E993BCB9A3}.Debug|Any CPU.Build.0 = Debug|Any CPU
		{48995DB0-BEA0-4571-9F48-E3E993BCB9A3}.Debug|x64.ActiveCfg = Debug|Any CPU
		{48995DB0-BEA0-4571-9F48-E3E993BCB9A3}.Debug|x64.Build.0 = Debug|Any CPU
		{48995DB0-BEA0-4571-9F48-E3E993BCB9A3}.Debug|x86.ActiveCfg = Debug|Any CPU
		{48995DB0-BEA0-4571-9F48-E3E993BCB9A3}.Debug|x86.Build.0 = Debug|Any CPU
		{48995DB0-BEA0-4571-9F48-E3E993BCB9A3}.Release|Any CPU.ActiveCfg = Release|Any CPU
		{48995DB0-BEA0-4571-9F48-E3E993BCB9A3}.Release|Any CPU.Build.0 = Release|Any CPU
		{48995DB0-BEA0-4571-9F48-E3E993BCB9A3}.Release|x64.ActiveCfg = Release|Any CPU
		{48995DB0-BEA0-4571-9F48-E3E993BCB9A3}.Release|x64.Build.0 = Release|Any CPU
		{48995DB0-BEA0-4571-9F48-E3E993BCB9A3}.Release|x86.ActiveCfg = Release|Any CPU
		{48995DB0-BEA0-4571-9F48-E3E993BCB9A3}.Release|x86.Build.0 = Release|Any CPU
	EndGlobalSection
	GlobalSection(NestedProjects) = preSolution
		{851052B6-355E-4F87-9746-3FADAA253AE8} = {64EDB7F7-6AFA-4276-B7B6-196705AAF816}
		{7306602F-24B3-4824-B2A7-C6948DEBF7F9} = {64EDB7F7-6AFA-4276-B7B6-196705AAF816}
		{5DA3C3A3-939B-44D2-BCC3-C5D656E391B6} = {64EDB7F7-6AFA-4276-B7B6-196705AAF816}
		{48995DB0-BEA0-4571-9F48-E3E993BCB9A3} = {64EDB7F7-6AFA-4276-B7B6-196705AAF816}
	EndGlobalSection
EndGlobal
